{
  "version": 4,
  "terraform_version": "1.5.5",
  "serial": 161,
  "lineage": "049acf26-76d6-2877-7c8c-ab55427132f4",
  "outputs": {
    "ca_certificate": {
      "value": "LS0tLS1CRUdJTiBDRVJUSUZJQ0FURS0tLS0tCk1JSUVMVENDQXBXZ0F3SUJBZ0lSQU51UkFva3lzR2FiVHpkb2FHR2FQOGt3RFFZSktvWklodmNOQVFFTEJRQXcKTHpFdE1Dc0dBMVVFQXhNa1pXTmhaVGN5TXpRdFlUYzNNaTAwT0RSaExXRXdaVEV0WVRKbFpXVmlZalU0WmpJNApNQ0FYRFRJek1EZ3lNREU1TkRnMU1Wb1lEekl3TlRNd09ERXlNakEwT0RVeFdqQXZNUzB3S3dZRFZRUURFeVJsClkyRmxOekl6TkMxaE56Y3lMVFE0TkdFdFlUQmxNUzFoTW1WbFpXSmlOVGhtTWpnd2dnR2lNQTBHQ1NxR1NJYjMKRFFFQkFRVUFBNElCandBd2dnR0tBb0lCZ1FDYU1SSTNGbFE4bm5RUk9xZjhQN1VzUU5YcTlERGlYQlZYQXRxYgprSzJJR0crbW00NUlRaUFJZlZ0V1RhYmxsSTRjTTcwdjg5aXFqamRuOEkxcS92V2pBM3FzUVVscUhlUExjTWJoCklKcEtEVG5XUlJWMHpaTXlEZHhZZXphVE14VWo0OEIwUTNEK1F5U3p4SE1BNWhrWlMrcUhrUDhXTjhPaVd3SmcKOFdYTjlWNnJNZlRFL2NSL09NRzdiYm9EN3Y5d0RPYjkyK1dkWnpHT21TSVF6MXBQRFdjd2M1dTFVUktuYnhoYQp3a3FuaVRwZVZETGJZdWdNYXR4NWdIMFRPNnJ6eHR3MHQ1eVgzRm9Hd3c3UEpxNm5OdDN0UUtwNVpvRnlkRDAvCmNmRzZNN0NUdDhXSW5KeVBUSW1ZZGlIbUZFNTNmeUVnbFdRRXA5Y1RHSFM5N2lVa2lnQmF0emF4d0w5OGovUDAKTklmb0UyeWpYSjhVR0RjUUljNXJDZVY2WWkybXhLL05LSWt3cnA2K25qbHViUnVqdFRsUEtoYURhYjRxT0JDVgoyVmkzZE5ORHZpNVlDaFZlSEFsWnR0cWdHSmVpL0habDZpd3cwVUorTFlCYkJJVklNRVVqdUV6dHpyZlhLNnIxCmFXWW5ZeHAyRU9FNS82MXJyV1g1SUN2ZTZmc0NBd0VBQWFOQ01FQXdEZ1lEVlIwUEFRSC9CQVFEQWdJRU1BOEcKQTFVZEV3RUIvd1FGTUFNQkFmOHdIUVlEVlIwT0JCWUVGSGI0THM5Q2RTVDZ5WEdTMDN6d1VIVnZXVVVzTUEwRwpDU3FHU0liM0RRRUJDd1VBQTRJQmdRQ1l6Q0h0WTFkNjFkeWQ1Mi9hSU9EV2FKaGowd0tkOGo5NTZhbWEzNjlSClpuLzdCMUVBQ2hNdCtmNFBRQlArZUlYN0UxU1dweitTeVdsd1VJcXRGZDljVlhQS1RYU1E5VzROVUtjU0xtNVkKTXYycHVLdDJQNWtRREc0YTNTVmtEL1pXd0x4V2w3RmhHR2FUSDd3YlJHL1VQdTQ1RFJCR2VyRW1zaVZkWFdYUQpuWnY1eGJpZGwwRkRzVVh2NXc1TnJOa2VYSFVXS2VyWFpES2tVSEdDSHR3YW9leURsaHFvSFpDSXRseGtsZmNtCm4rQmxzOXNrWTZRVzFkWEFoVFFsV25FOWpFSEpybDN2QmY0Y2taaXNnWTNOU0Fxa3A0bm84WFZvQ3RzVVBORXcKNjhGb095cW9UcmxXTHZGWnllU3BYdXVGQjA3WG9OTzQ0Y3lVdkF6QlFDdTdzSjNDR2plWlE4VWUvSXJrd3ZaWQpzRXdteGNVejZYU2JMRWVIVWhubVNXWG1IZG1qNHQ1dWlwOGgxaXJIdEdSZ2g2RDAzOHorM25HNE1Ra3hlbnRYCk1pY0pveWF2WElTei9haHZNU3E3V0grTlJNTmxQQ1VjSXZ0RDVJQXdRT1JyUTRGek8zblM2ODg5WXU2cmNPYVkKenFxQWMzRFc1OTAyTTBldEZ4ZGtpMkk9Ci0tLS0tRU5EIENFUlRJRklDQVRFLS0tLS0K",
      "type": "string",
      "sensitive": true
    },
    "client_token": {
      "value": "eWEyOS5hMEFmQl9ieUJxMm1PaHVCVGhleWRrbk1KQ1o3cjNJaDhRWUtzc1hlYUJ0NFdPbG9lQjQzMXJOYk56dTRra2lBYm1kelJZSUlmOW10akF4Vk9XT0VDb0JBYWczUk9CYVhKR1JMM0NPSUxEakJtVWJwWlNxbmw1d2ZZRE5lMTV2UmxsX2h1aWVLRmxkc1VfbThnYzNPd3RLdFdpV0xQemxTZWFKaDFqanNNVXRJQWFDZ1lLQVVzU0FSSVNGUUhzdllsczl2VDk5UHdidXZyNzdVREt3WDFJZWcwMTc4",
      "type": "string",
      "sensitive": true
    },
    "cluster_name": {
      "value": "node-pool-clusterdev",
      "type": "string"
    },
    "kubernetes_endpoint": {
      "value": "34.72.186.208",
      "type": "string",
      "sensitive": true
    },
    "network_name": {
      "value": "gke-network",
      "type": "string"
    },
    "service_account": {
      "value": "tf-gke-node-pool-clust-olxa@kthw2-310821.iam.gserviceaccount.com",
      "type": "string"
    },
    "subnet_name": {
      "value": [
        "gke-subnet"
      ],
      "type": [
        "tuple",
        [
          "string"
        ]
      ]
    },
    "subnet_secondary_ranges": {
      "value": [
        [
          {
            "ip_cidr_range": "192.168.0.0/18",
            "range_name": "ip-range-pods"
          },
          {
            "ip_cidr_range": "192.168.64.0/18",
            "range_name": "ip-range-svc"
          }
        ]
      ],
      "type": [
        "tuple",
        [
          [
            "list",
            [
              "object",
              {
                "ip_cidr_range": "string",
                "range_name": "string"
              }
            ]
          ]
        ]
      ]
    }
  },
  "resources": [
    {
      "mode": "data",
      "type": "google_client_config",
      "name": "default",
      "provider": "provider[\"registry.terraform.io/hashicorp/google\"]",
      "instances": [
        {
          "schema_version": 0,
          "attributes": {
            "access_token": "ya29.a0AfB_byBq2mOhuBTheydknMJCZ7r3Ih8QYKssXeaBt4WOloeB431rNbNzu4kkiAbmdzRYIIf9mtjAxVOWOECoBAag3ROBaXJGRL3COILDjBmUbpZSqnl5wfYDNe15vRll_huieKFldsU_m8gc3OwtKtWiWLPzlSeaJh1jjsMUtIAaCgYKAUsSARISFQHsvYls9vT99Pwbuvr77UDKwX1Ieg0178",
            "id": "projects/\u003cnull\u003e/regions/\u003cnull\u003e/zones/\u003cnull\u003e",
            "project": null,
            "region": null,
            "zone": null
          },
          "sensitive_attributes": []
        }
      ]
    },
    {
      "module": "module.argocd",
      "mode": "managed",
      "type": "helm_release",
      "name": "this",
      "provider": "provider[\"registry.terraform.io/hashicorp/helm\"]",
      "instances": [
        {
          "index_key": 0,
          "schema_version": 1,
          "attributes": {
            "atomic": false,
            "chart": "./Charts/argocd",
            "cleanup_on_fail": false,
            "create_namespace": true,
            "dependency_update": false,
            "description": null,
            "devel": null,
            "disable_crd_hooks": false,
            "disable_openapi_validation": false,
            "disable_webhooks": false,
            "force_update": true,
            "id": "argo-cd",
            "keyring": null,
            "lint": true,
            "manifest": null,
            "max_history": 0,
            "metadata": [
              {
                "app_version": "0.1.0",
                "chart": "argocd-applications",
                "name": "argo-cd",
                "namespace": "argocd",
                "revision": 1,
                "values": "{\"argo-cd\":{\"applicationSet\":{\"replicaCount\":2},\"configs\":{\"cm\":{\"exec.enabled\":true},\"repositories\":{\"ambassador-helm-repo\":{\"name\":\"ambassador.io\",\"type\":\"helm\",\"url\":\"https://app.getambassador.io\"},\"bitnami-helm-repo\":{\"name\":\"bitnami.io\",\"type\":\"helm\",\"url\":\"https://charts.bitnami.com/bitnami\"},\"istio-helm-repo\":{\"name\":\"istio.io\",\"type\":\"helm\",\"url\":\"https://storage.googleapis.com/istio-prerelease/daily-build/master-latest-daily/charts\"},\"prometheus-helm-repo\":{\"name\":\"prometheus.io\",\"type\":\"helm\",\"url\":\"https://storage.googleapis.com/istio-prerelease/daily-build/master-latest-daily/charts\"}}},\"controller\":{\"replicas\":2},\"redis-ha\":{\"enabled\":true},\"repoServer\":{\"autoscaling\":{\"enabled\":true,\"minReplicas\":2}},\"server\":{\"autoscaling\":{\"enabled\":true,\"maxReplicas\":5,\"minReplicas\":2,\"targetCPUUtilizationPercentage\":50,\"targetMemoryUtilizationPercentage\":50}}}}",
                "version": "0.1.0"
              }
            ],
            "name": "argo-cd",
            "namespace": "argocd",
            "pass_credentials": false,
            "postrender": [],
            "recreate_pods": false,
            "render_subchart_notes": true,
            "replace": false,
            "repository": null,
            "repository_ca_file": null,
            "repository_cert_file": null,
            "repository_key_file": null,
            "repository_password": null,
            "repository_username": null,
            "reset_values": false,
            "reuse_values": false,
            "set": [],
            "set_list": [],
            "set_sensitive": [],
            "skip_crds": false,
            "status": "deployed",
            "timeout": 300,
            "values": [
              "\nargo-cd:\n  ## Globally shared configuration\n  configs:\n    cm:\n      exec.enabled: true\n    repositories: \n      istio-helm-repo:\n        url: https://storage.googleapis.com/istio-prerelease/daily-build/master-latest-daily/charts\n        name: istio.io\n        type: helm\n      prometheus-helm-repo:\n        url: https://storage.googleapis.com/istio-prerelease/daily-build/master-latest-daily/charts\n        name: prometheus.io\n        type: helm\n      ambassador-helm-repo:\n        url: https://app.getambassador.io\n        name: ambassador.io\n        type: helm\n      bitnami-helm-repo:\n        url: https://charts.bitnami.com/bitnami\n        name: bitnami.io\n        type: helm\n\n  server:\n    autoscaling:\n      enabled: true\n      minReplicas: 2\n      maxReplicas: 5\n      targetCPUUtilizationPercentage: 50\n      targetMemoryUtilizationPercentage: 50\n\n  redis-ha:\n    enabled: true\n\n  controller:\n    replicas: 2\n\n\n  repoServer:\n    autoscaling:\n      enabled: true\n      minReplicas: 2\n\n  applicationSet:\n    replicaCount: 2"
            ],
            "verify": false,
            "version": "0.1.0",
            "wait": false,
            "wait_for_jobs": false
          },
          "sensitive_attributes": [],
          "private": "eyJzY2hlbWFfdmVyc2lvbiI6IjEifQ==",
          "dependencies": [
            "data.google_client_config.default",
            "module.gcp-network.module.firewall_rules.google_compute_firewall.rules",
            "module.gcp-network.module.routes.google_compute_route.route",
            "module.gcp-network.module.subnets.google_compute_subnetwork.subnetwork",
            "module.gcp-network.module.vpc.google_compute_network.network",
            "module.gcp-network.module.vpc.google_compute_shared_vpc_host_project.shared_vpc_host",
            "module.gke.data.google_compute_subnetwork.gke_subnetwork",
            "module.gke.data.google_compute_zones.available",
            "module.gke.data.google_container_engine_versions.region",
            "module.gke.data.google_container_engine_versions.zone",
            "module.gke.google_compute_firewall.intra_egress",
            "module.gke.google_compute_firewall.master_webhooks",
            "module.gke.google_compute_firewall.shadow_allow_inkubelet",
            "module.gke.google_compute_firewall.shadow_allow_master",
            "module.gke.google_compute_firewall.shadow_allow_nodes",
            "module.gke.google_compute_firewall.shadow_allow_pods",
            "module.gke.google_compute_firewall.shadow_deny_exkubelet",
            "module.gke.google_container_cluster.primary",
            "module.gke.google_container_node_pool.pools",
            "module.gke.google_container_node_pool.windows_pools",
            "module.gke.google_project_iam_member.cluster_service_account-artifact-registry",
            "module.gke.google_project_iam_member.cluster_service_account-gcr",
            "module.gke.google_project_iam_member.cluster_service_account-log_writer",
            "module.gke.google_project_iam_member.cluster_service_account-metric_writer",
            "module.gke.google_project_iam_member.cluster_service_account-monitoring_viewer",
            "module.gke.google_project_iam_member.cluster_service_account-resourceMetadata-writer",
            "module.gke.google_service_account.cluster_service_account",
            "module.gke.kubernetes_config_map.ip-masq-agent",
            "module.gke.kubernetes_config_map_v1_data.kube-dns",
            "module.gke.kubernetes_config_map_v1_data.kube-dns-upstream-nameservers-and-stub-domains",
            "module.gke.kubernetes_config_map_v1_data.kube-dns-upstream-namservers",
            "module.gke.random_shuffle.available_zones",
            "module.gke.random_string.cluster_service_account_suffix"
          ]
        }
      ]
    },
    {
      "module": "module.argocd-apps",
      "mode": "managed",
      "type": "helm_release",
      "name": "this",
      "provider": "provider[\"registry.terraform.io/hashicorp/helm\"]",
      "instances": [
        {
          "index_key": 0,
          "schema_version": 1,
          "attributes": {
            "atomic": false,
            "chart": "./Charts/argo-apps",
            "cleanup_on_fail": false,
            "create_namespace": true,
            "dependency_update": false,
            "description": null,
            "devel": null,
            "disable_crd_hooks": false,
            "disable_openapi_validation": false,
            "disable_webhooks": false,
            "force_update": true,
            "id": "argo-apps",
            "keyring": null,
            "lint": true,
            "manifest": null,
            "max_history": 0,
            "metadata": [
              {
                "app_version": "0.1.0",
                "chart": "argocd-applications",
                "name": "argo-apps",
                "namespace": "argocd",
                "revision": 9,
                "values": "{\"apps\":{\"applications\":[{\"destination\":{\"namespace\":\"bookinfo\",\"server\":\"https://kubernetes.default.svc\"},\"finalizers\":[\"resources-finalizer.argocd.argoproj.io\"],\"name\":\"bookinfo\",\"namespace\":\"argocd\",\"project\":\"boeing\",\"source\":{\"chart\":\"bookinfo\",\"helm\":{\"values\":\"\"},\"repoURL\":\"https://basic-techno.github.io/helm-charts/\",\"targetRevision\":\"0.1.0\"},\"syncPolicy\":{\"automated\":{\"prune\":true,\"selfHeal\":true},\"syncOptions\":[\"CreateNamespace=true\",\"ServerSideApply=true\"]}},{\"destination\":{\"namespace\":\"cert-manager\",\"server\":\"https://kubernetes.default.svc\"},\"finalizers\":[\"resources-finalizer.argocd.argoproj.io\"],\"name\":\"cert-manager\",\"namespace\":\"argocd\",\"project\":\"boeing\",\"source\":{\"chart\":\"cert-manager\",\"helm\":{\"values\":\"installCRDs: true\\n\\nreplicaCount: 2\\n\\nprometheus:\\n  enabled: true\\n  servicemonitor:\\n    enabled: true\\n    labels: \\n      release: prometheus-48-3-0\\n\"},\"repoURL\":\"https://charts.jetstack.io\",\"targetRevision\":\"1.12.3\"},\"syncPolicy\":{\"automated\":{\"prune\":true,\"selfHeal\":true},\"syncOptions\":[\"CreateNamespace=true\",\"ServerSideApply=true\"]}},{\"destination\":{\"namespace\":\"istio-system\",\"server\":\"https://kubernetes.default.svc\"},\"finalizers\":[\"resources-finalizer.argocd.argoproj.io\"],\"name\":\"istio-base-1-18-2\",\"namespace\":\"argocd\",\"project\":\"boeing\",\"source\":{\"chart\":\"base\",\"helm\":{\"values\":\"global:\\n  istioNamespace: istio-system\\n\"},\"repoURL\":\"https://istio-release.storage.googleapis.com/charts\",\"targetRevision\":\"1.18.2\"},\"syncPolicy\":{\"automated\":{\"prune\":true,\"selfHeal\":true},\"syncOptions\":[\"CreateNamespace=true\",\"ServerSideApply=true\"]}},{\"destination\":{\"namespace\":\"istio-gateways\",\"server\":\"https://kubernetes.default.svc\"},\"finalizers\":[\"resources-finalizer.argocd.argoproj.io\"],\"name\":\"istio-gateway-1-18-2\",\"namespace\":\"argocd\",\"project\":\"boeing\",\"source\":{\"chart\":\"gateway\",\"helm\":{\"values\":\"revision: \\\"1-18\\\"\\n\\nautoscaling:\\n  enabled: true\\n  minReplicas: 2\\n  maxReplicas: 4\\n\\nnetworkGateway: \\\"network-1\\\"\\n\"},\"repoURL\":\"https://istio-release.storage.googleapis.com/charts\",\"targetRevision\":\"1.18.2\"},\"syncPolicy\":{\"automated\":{\"prune\":true,\"selfHeal\":true},\"syncOptions\":[\"CreateNamespace=true\",\"ServerSideApply=true\"]}},{\"destination\":{\"namespace\":\"istio-system\",\"server\":\"https://kubernetes.default.svc\"},\"finalizers\":[\"resources-finalizer.argocd.argoproj.io\"],\"name\":\"istiod-1-18-2\",\"namespace\":\"argocd\",\"project\":\"boeing\",\"source\":{\"chart\":\"istiod\",\"helm\":{\"values\":\"pilot:\\n  autoscaleEnabled: true\\n  autoscaleMin: 2\\n  autoscaleMax: 4\\n\\nrevision: \\\"1-18\\\"\\nrevisionTags: [\\\"stable\\\"]\\n\"},\"repoURL\":\"https://istio-release.storage.googleapis.com/charts\",\"targetRevision\":\"1.18.2\"},\"syncPolicy\":{\"automated\":{\"prune\":true,\"selfHeal\":true},\"syncOptions\":[\"CreateNamespace=true\",\"ServerSideApply=true\"]}},{\"destination\":{\"namespace\":\"monitoring\",\"server\":\"https://kubernetes.default.svc\"},\"finalizers\":[\"resources-finalizer.argocd.argoproj.io\"],\"name\":\"prometheus-monitoring\",\"namespace\":\"argocd\",\"project\":\"boeing\",\"source\":{\"chart\":\"kube-prometheus-stack\",\"helm\":{\"values\":\"alertmanager:\\n  alertmanagerSpec:\\n    replicas: 2\\n\\nprometheus:\\n  prometheusSpec:\\n    replicas: 2\\n    storageSpec: \\n     volumeClaimTemplate:\\n       spec:\\n         resources:\\n           requests:\\n             storage: 10Gi\\n\\n\"},\"repoURL\":\"https://prometheus-community.github.io/helm-charts\",\"targetRevision\":\"45.11.1\"},\"syncPolicy\":{\"automated\":{\"prune\":true,\"selfHeal\":true},\"syncOptions\":[\"CreateNamespace=true\",\"ServerSideApply=true\"]}}],\"projects\":[{\"clusterResourceWhitelist\":[{\"group\":\"*\",\"kind\":\"*\"}],\"description\":\"A Sample Project to Deploy applications into Boing Clusters\",\"destinations\":[{\"name\":\"*\",\"namespace\":\"*\",\"server\":\"https://kubernetes.default.svc\"}],\"finalizers\":[\"resources-finalizer.argocd.argoproj.io\"],\"name\":\"boeing\",\"namespace\":\"argocd\",\"namespaceResourceWhitelist\":[{\"group\":\"*\",\"kind\":\"*\"}],\"sourceRepos\":[\"*\"]},{\"clusterResourceWhitelist\":[{\"group\":\"*\",\"kind\":\"*\"}],\"description\":\"A Sample Project to Deploy applications into Boing Clusters\",\"destinations\":[{\"name\":\"*\",\"namespace\":\"*\",\"server\":\"https://kubernetes.default.svc\"}],\"finalizers\":[\"resources-finalizer.argocd.argoproj.io\"],\"name\":\"sammy\",\"namespace\":\"argocd\",\"namespaceResourceWhitelist\":[{\"group\":\"*\",\"kind\":\"*\"}],\"sourceRepos\":[\"*\"]}]}}",
                "version": "0.1.0"
              }
            ],
            "name": "argo-apps",
            "namespace": "argocd",
            "pass_credentials": false,
            "postrender": [],
            "recreate_pods": false,
            "render_subchart_notes": true,
            "replace": false,
            "repository": null,
            "repository_ca_file": null,
            "repository_cert_file": null,
            "repository_key_file": null,
            "repository_password": null,
            "repository_username": null,
            "reset_values": false,
            "reuse_values": false,
            "set": [],
            "set_list": [],
            "set_sensitive": [],
            "skip_crds": false,
            "status": "deployed",
            "timeout": 300,
            "values": [
              "apps:\n  applications: \n  \n  - name: bookinfo\n    namespace: argocd\n    finalizers:\n    - resources-finalizer.argocd.argoproj.io\n    project: boeing\n    source:\n      repoURL: https://basic-techno.github.io/helm-charts/\n      targetRevision: 0.1.0\n      chart: bookinfo\n      helm:\n        values: \"\"\n          \n    destination:\n      server: https://kubernetes.default.svc\n      namespace: bookinfo\n    syncPolicy:\n      automated:\n        prune: true\n        selfHeal: true\n      syncOptions:\n      - CreateNamespace=true\n      - ServerSideApply=true\n  \n  - name: cert-manager\n    namespace: argocd\n    finalizers:\n    - resources-finalizer.argocd.argoproj.io\n    project: boeing\n    source:\n      repoURL: https://charts.jetstack.io\n      targetRevision: 1.12.3\n      chart: cert-manager\n      helm:\n        values: \"installCRDs: true\\n\\nreplicaCount: 2\\n\\nprometheus:\\n  enabled: true\\n  servicemonitor:\\n\n            \\   enabled: true\\n    labels: \\n      release: prometheus-48-3-0\\n\"\n          \n    destination:\n      server: https://kubernetes.default.svc\n      namespace: cert-manager\n    syncPolicy:\n      automated:\n        prune: true\n        selfHeal: true\n      syncOptions:\n      - CreateNamespace=true\n      - ServerSideApply=true\n  \n  - name: istio-base-1-18-2\n    namespace: argocd\n    finalizers:\n    - resources-finalizer.argocd.argoproj.io\n    project: boeing\n    source:\n      repoURL: https://istio-release.storage.googleapis.com/charts\n      targetRevision: 1.18.2\n      chart: base\n      helm:\n        values: |\n            global:\n              istioNamespace: istio-system\n          \n    destination:\n      server: https://kubernetes.default.svc\n      namespace: istio-system\n    syncPolicy:\n      automated:\n        prune: true\n        selfHeal: true\n      syncOptions:\n      - CreateNamespace=true\n      - ServerSideApply=true\n  \n  - name: istio-gateway-1-18-2\n    namespace: argocd\n    finalizers:\n    - resources-finalizer.argocd.argoproj.io\n    project: boeing\n    source:\n      repoURL: https://istio-release.storage.googleapis.com/charts\n      targetRevision: 1.18.2\n      chart: gateway\n      helm:\n        values: |\n            revision: \"1-18\"\n          \n            autoscaling:\n              enabled: true\n              minReplicas: 2\n              maxReplicas: 4\n          \n            networkGateway: \"network-1\"\n          \n    destination:\n      server: https://kubernetes.default.svc\n      namespace: istio-gateways\n    syncPolicy:\n      automated:\n        prune: true\n        selfHeal: true\n      syncOptions:\n      - CreateNamespace=true\n      - ServerSideApply=true\n  \n  - name: istiod-1-18-2\n    namespace: argocd\n    finalizers:\n    - resources-finalizer.argocd.argoproj.io\n    project: boeing\n    source:\n      repoURL: https://istio-release.storage.googleapis.com/charts\n      targetRevision: 1.18.2\n      chart: istiod\n      helm:\n        values: |\n            pilot:\n              autoscaleEnabled: true\n              autoscaleMin: 2\n              autoscaleMax: 4\n          \n            revision: \"1-18\"\n            revisionTags: [\"stable\"]\n          \n    destination:\n      server: https://kubernetes.default.svc\n      namespace: istio-system\n    syncPolicy:\n      automated:\n        prune: true\n        selfHeal: true\n      syncOptions:\n      - CreateNamespace=true\n      - ServerSideApply=true\n  \n  - name: prometheus-monitoring\n    namespace: argocd\n    finalizers:\n    - resources-finalizer.argocd.argoproj.io\n    project: boeing\n    source:\n      repoURL: https://prometheus-community.github.io/helm-charts\n      targetRevision: 45.11.1\n      chart: kube-prometheus-stack\n      helm:\n        values: \"alertmanager:\\n  alertmanagerSpec:\\n    replicas: 2\\n\\nprometheus:\\n  prometheusSpec:\\n\n            \\   replicas: 2\\n    storageSpec: \\n     volumeClaimTemplate:\\n       spec:\\n         resources:\\n\n            \\          requests:\\n             storage: 10Gi\\n\\n\"\n          \n    destination:\n      server: https://kubernetes.default.svc\n      namespace: monitoring\n    syncPolicy:\n      automated:\n        prune: true\n        selfHeal: true\n      syncOptions:\n      - CreateNamespace=true\n      - ServerSideApply=true\n  \n  projects: \n  - name: boeing\n    namespace: argocd\n    finalizers:\n    - resources-finalizer.argocd.argoproj.io\n    description: A Sample Project to Deploy applications into Boing Clusters\n    sourceRepos:\n    - '*'\n    destinations:\n    - name: '*'\n      namespace: '*'\n      server: https://kubernetes.default.svc\n    namespaceResourceWhitelist:\n    - group: '*'\n      kind: '*'\n    clusterResourceWhitelist:\n    - group: '*'\n      kind: '*'\n  - name: sammy\n    namespace: argocd\n    finalizers:\n    - resources-finalizer.argocd.argoproj.io\n    description: A Sample Project to Deploy applications into Boing Clusters\n    sourceRepos:\n    - '*'\n    destinations:\n    - name: '*'\n      namespace: '*'\n      server: https://kubernetes.default.svc\n    namespaceResourceWhitelist:\n    - group: '*'\n      kind: '*'\n    clusterResourceWhitelist:\n    - group: '*'\n      kind: '*'\n\n\n"
            ],
            "verify": false,
            "version": "0.1.0",
            "wait": false,
            "wait_for_jobs": false
          },
          "sensitive_attributes": [],
          "private": "eyJzY2hlbWFfdmVyc2lvbiI6IjEifQ==",
          "dependencies": [
            "data.google_client_config.default",
            "module.argocd.helm_release.this",
            "module.gcp-network.module.firewall_rules.google_compute_firewall.rules",
            "module.gcp-network.module.routes.google_compute_route.route",
            "module.gcp-network.module.subnets.google_compute_subnetwork.subnetwork",
            "module.gcp-network.module.vpc.google_compute_network.network",
            "module.gcp-network.module.vpc.google_compute_shared_vpc_host_project.shared_vpc_host",
            "module.gke.data.google_compute_subnetwork.gke_subnetwork",
            "module.gke.data.google_compute_zones.available",
            "module.gke.data.google_container_engine_versions.region",
            "module.gke.data.google_container_engine_versions.zone",
            "module.gke.google_compute_firewall.intra_egress",
            "module.gke.google_compute_firewall.master_webhooks",
            "module.gke.google_compute_firewall.shadow_allow_inkubelet",
            "module.gke.google_compute_firewall.shadow_allow_master",
            "module.gke.google_compute_firewall.shadow_allow_nodes",
            "module.gke.google_compute_firewall.shadow_allow_pods",
            "module.gke.google_compute_firewall.shadow_deny_exkubelet",
            "module.gke.google_container_cluster.primary",
            "module.gke.google_container_node_pool.pools",
            "module.gke.google_container_node_pool.windows_pools",
            "module.gke.google_project_iam_member.cluster_service_account-artifact-registry",
            "module.gke.google_project_iam_member.cluster_service_account-gcr",
            "module.gke.google_project_iam_member.cluster_service_account-log_writer",
            "module.gke.google_project_iam_member.cluster_service_account-metric_writer",
            "module.gke.google_project_iam_member.cluster_service_account-monitoring_viewer",
            "module.gke.google_project_iam_member.cluster_service_account-resourceMetadata-writer",
            "module.gke.google_service_account.cluster_service_account",
            "module.gke.kubernetes_config_map.ip-masq-agent",
            "module.gke.kubernetes_config_map_v1_data.kube-dns",
            "module.gke.kubernetes_config_map_v1_data.kube-dns-upstream-nameservers-and-stub-domains",
            "module.gke.kubernetes_config_map_v1_data.kube-dns-upstream-namservers",
            "module.gke.random_shuffle.available_zones",
            "module.gke.random_string.cluster_service_account_suffix"
          ]
        }
      ]
    },
    {
      "module": "module.gcp-network.module.subnets",
      "mode": "managed",
      "type": "google_compute_subnetwork",
      "name": "subnetwork",
      "provider": "provider[\"registry.terraform.io/hashicorp/google\"]",
      "instances": [
        {
          "index_key": "us-central1/gke-subnet",
          "schema_version": 0,
          "attributes": {
            "creation_timestamp": "2023-08-20T13:44:28.030-07:00",
            "description": "",
            "external_ipv6_prefix": "",
            "fingerprint": null,
            "gateway_address": "10.0.0.1",
            "id": "projects/kthw2-310821/regions/us-central1/subnetworks/gke-subnet",
            "ip_cidr_range": "10.0.0.0/17",
            "ipv6_access_type": "",
            "ipv6_cidr_range": "",
            "log_config": [],
            "name": "gke-subnet",
            "network": "https://www.googleapis.com/compute/v1/projects/kthw2-310821/global/networks/gke-network",
            "private_ip_google_access": false,
            "private_ipv6_google_access": "DISABLE_GOOGLE_ACCESS",
            "project": "kthw2-310821",
            "purpose": "PRIVATE",
            "region": "us-central1",
            "role": "",
            "secondary_ip_range": [
              {
                "ip_cidr_range": "192.168.0.0/18",
                "range_name": "ip-range-pods"
              },
              {
                "ip_cidr_range": "192.168.64.0/18",
                "range_name": "ip-range-svc"
              }
            ],
            "self_link": "https://www.googleapis.com/compute/v1/projects/kthw2-310821/regions/us-central1/subnetworks/gke-subnet",
            "stack_type": "IPV4_ONLY",
            "timeouts": null
          },
          "sensitive_attributes": [],
          "private": "eyJlMmJmYjczMC1lY2FhLTExZTYtOGY4OC0zNDM2M2JjN2M0YzAiOnsiY3JlYXRlIjoxMjAwMDAwMDAwMDAwLCJkZWxldGUiOjEyMDAwMDAwMDAwMDAsInVwZGF0ZSI6MTIwMDAwMDAwMDAwMH19",
          "dependencies": [
            "module.gcp-network.module.vpc.google_compute_network.network"
          ]
        }
      ]
    },
    {
      "module": "module.gcp-network.module.vpc",
      "mode": "managed",
      "type": "google_compute_network",
      "name": "network",
      "provider": "provider[\"registry.terraform.io/hashicorp/google\"]",
      "instances": [
        {
          "schema_version": 0,
          "attributes": {
            "auto_create_subnetworks": false,
            "delete_default_routes_on_create": false,
            "description": "",
            "enable_ula_internal_ipv6": false,
            "gateway_ipv4": "",
            "id": "projects/kthw2-310821/global/networks/gke-network",
            "internal_ipv6_range": "",
            "mtu": 0,
            "name": "gke-network",
            "network_firewall_policy_enforcement_order": "AFTER_CLASSIC_FIREWALL",
            "project": "kthw2-310821",
            "routing_mode": "GLOBAL",
            "self_link": "https://www.googleapis.com/compute/v1/projects/kthw2-310821/global/networks/gke-network",
            "timeouts": null
          },
          "sensitive_attributes": [],
          "private": "eyJlMmJmYjczMC1lY2FhLTExZTYtOGY4OC0zNDM2M2JjN2M0YzAiOnsiY3JlYXRlIjoxMjAwMDAwMDAwMDAwLCJkZWxldGUiOjEyMDAwMDAwMDAwMDAsInVwZGF0ZSI6MTIwMDAwMDAwMDAwMH19"
        }
      ]
    },
    {
      "module": "module.gke",
      "mode": "data",
      "type": "google_compute_zones",
      "name": "available",
      "provider": "provider[\"registry.terraform.io/hashicorp/google\"]",
      "instances": [
        {
          "schema_version": 0,
          "attributes": {
            "id": "projects/kthw2-310821/regions/us-central1",
            "names": [
              "us-central1-a",
              "us-central1-b",
              "us-central1-c",
              "us-central1-f"
            ],
            "project": "kthw2-310821",
            "region": "us-central1",
            "status": null
          },
          "sensitive_attributes": []
        }
      ]
    },
    {
      "module": "module.gke",
      "mode": "data",
      "type": "google_container_engine_versions",
      "name": "region",
      "provider": "provider[\"registry.terraform.io/hashicorp/google\"]",
      "instances": [
        {
          "schema_version": 0,
          "attributes": {
            "default_cluster_version": "1.27.3-gke.100",
            "id": "2023-08-21 00:05:33.40037 +0000 UTC",
            "latest_master_version": "1.27.4-gke.900",
            "latest_node_version": "1.27.4-gke.900",
            "location": "us-central1",
            "project": "kthw2-310821",
            "release_channel_default_version": {
              "RAPID": "1.27.3-gke.1700",
              "REGULAR": "1.27.3-gke.100",
              "STABLE": "1.27.3-gke.100"
            },
            "release_channel_latest_version": {
              "RAPID": "1.27.4-gke.900",
              "REGULAR": "1.27.3-gke.1700",
              "STABLE": "1.27.3-gke.1700"
            },
            "valid_master_versions": [
              "1.27.4-gke.900",
              "1.27.3-gke.1700",
              "1.27.3-gke.100",
              "1.27.2-gke.2100",
              "1.27.2-gke.1200",
              "1.26.7-gke.500",
              "1.26.6-gke.1700",
              "1.26.5-gke.2700",
              "1.26.5-gke.2100",
              "1.26.5-gke.1400",
              "1.25.12-gke.500",
              "1.25.11-gke.1700",
              "1.25.10-gke.2700",
              "1.25.10-gke.2100",
              "1.24.16-gke.500",
              "1.24.15-gke.1700",
              "1.24.14-gke.2700",
              "1.24.14-gke.2100",
              "1.24.14-gke.1400",
              "1.23.17-gke.10700",
              "1.23.17-gke.10000",
              "1.23.17-gke.8400"
            ],
            "valid_node_versions": [
              "1.27.4-gke.900",
              "1.27.3-gke.1700",
              "1.27.3-gke.100",
              "1.27.2-gke.2100",
              "1.27.2-gke.1200",
              "1.26.7-gke.500",
              "1.26.6-gke.1700",
              "1.26.5-gke.2700",
              "1.26.5-gke.2100",
              "1.26.5-gke.1400",
              "1.26.5-gke.1200",
              "1.26.4-gke.1400",
              "1.26.4-gke.500",
              "1.26.3-gke.1000",
              "1.26.3-gke.400",
              "1.26.2-gke.1000",
              "1.26.1-gke.1500",
              "1.25.12-gke.500",
              "1.25.11-gke.1700",
              "1.25.10-gke.2700",
              "1.25.10-gke.2100",
              "1.25.10-gke.1400",
              "1.25.10-gke.1200",
              "1.25.9-gke.2300",
              "1.25.9-gke.400",
              "1.25.8-gke.1000",
              "1.25.8-gke.500",
              "1.25.7-gke.1000",
              "1.25.6-gke.1000",
              "1.25.6-gke.200",
              "1.25.5-gke.2000",
              "1.25.5-gke.1500",
              "1.25.4-gke.2100",
              "1.25.3-gke.800",
              "1.24.16-gke.500",
              "1.24.15-gke.1700",
              "1.24.14-gke.2700",
              "1.24.14-gke.2100",
              "1.24.14-gke.1400",
              "1.24.14-gke.1200",
              "1.24.13-gke.2500",
              "1.24.13-gke.500",
              "1.24.12-gke.1000",
              "1.24.12-gke.500",
              "1.24.11-gke.1000",
              "1.24.10-gke.2300",
              "1.24.10-gke.1200",
              "1.24.9-gke.3200",
              "1.24.9-gke.2000",
              "1.24.9-gke.1500",
              "1.24.8-gke.2000",
              "1.24.8-gke.401",
              "1.24.7-gke.900",
              "1.24.6-gke.1500",
              "1.24.5-gke.600",
              "1.24.4-gke.800",
              "1.24.3-gke.2100",
              "1.24.3-gke.900",
              "1.24.3-gke.200",
              "1.24.2-gke.1900",
              "1.24.2-gke.300",
              "1.24.1-gke.1800",
              "1.24.1-gke.1400",
              "1.23.17-gke.10700",
              "1.23.17-gke.10000",
              "1.23.17-gke.8400",
              "1.23.17-gke.7700",
              "1.23.17-gke.7000",
              "1.23.17-gke.6800",
              "1.23.17-gke.5600",
              "1.23.17-gke.3600",
              "1.23.17-gke.2000",
              "1.23.17-gke.1700",
              "1.23.17-gke.300",
              "1.23.16-gke.2500",
              "1.23.16-gke.1400",
              "1.23.16-gke.1100",
              "1.23.16-gke.200",
              "1.23.15-gke.1900",
              "1.23.15-gke.1400",
              "1.23.14-gke.1800",
              "1.23.14-gke.401",
              "1.23.13-gke.900",
              "1.23.12-gke.1600",
              "1.23.12-gke.100",
              "1.23.11-gke.300",
              "1.23.10-gke.1000",
              "1.23.9-gke.2100",
              "1.23.9-gke.900",
              "1.23.8-gke.1900",
              "1.23.8-gke.400",
              "1.23.7-gke.1400",
              "1.23.6-gke.2200",
              "1.23.6-gke.1700",
              "1.23.6-gke.1501",
              "1.23.6-gke.1500",
              "1.23.5-gke.2400",
              "1.23.5-gke.1503",
              "1.23.5-gke.1501",
              "1.22.17-gke.14100",
              "1.22.17-gke.13400",
              "1.22.17-gke.12700",
              "1.22.17-gke.11400",
              "1.22.17-gke.9400",
              "1.22.17-gke.8000",
              "1.22.17-gke.7500",
              "1.22.17-gke.6100",
              "1.22.17-gke.5400",
              "1.22.17-gke.4300",
              "1.22.17-gke.4000",
              "1.22.17-gke.3100",
              "1.22.17-gke.1900",
              "1.22.17-gke.1400",
              "1.22.16-gke.2000",
              "1.22.16-gke.1300",
              "1.22.15-gke.2500",
              "1.22.15-gke.1000",
              "1.22.15-gke.100",
              "1.22.14-gke.300",
              "1.22.13-gke.1000",
              "1.22.12-gke.2300",
              "1.22.12-gke.1200",
              "1.22.12-gke.500",
              "1.22.12-gke.300",
              "1.22.11-gke.400",
              "1.22.10-gke.600",
              "1.22.9-gke.2000",
              "1.22.9-gke.1500",
              "1.22.9-gke.1300",
              "1.22.8-gke.2200",
              "1.22.8-gke.202",
              "1.22.8-gke.201",
              "1.22.8-gke.200",
              "1.22.7-gke.1500",
              "1.22.7-gke.1300",
              "1.22.7-gke.900",
              "1.22.7-gke.300",
              "1.22.6-gke.1000",
              "1.22.6-gke.300",
              "1.22.4-gke.1501",
              "1.22.3-gke.1500",
              "1.21.14-gke.18800",
              "1.21.14-gke.18100",
              "1.21.14-gke.15800",
              "1.21.14-gke.14600",
              "1.21.14-gke.14100",
              "1.21.14-gke.8500",
              "1.21.14-gke.7100",
              "1.21.14-gke.5300",
              "1.21.14-gke.4300",
              "1.21.14-gke.3000",
              "1.21.14-gke.2700",
              "1.21.14-gke.2100",
              "1.21.14-gke.700",
              "1.21.13-gke.900",
              "1.21.12-gke.2200",
              "1.21.12-gke.1700",
              "1.21.12-gke.1500",
              "1.21.11-gke.1900",
              "1.21.11-gke.1100",
              "1.21.11-gke.900",
              "1.21.10-gke.2000",
              "1.21.10-gke.1500",
              "1.21.10-gke.1300",
              "1.21.10-gke.400",
              "1.21.9-gke.1002",
              "1.21.9-gke.1001",
              "1.21.9-gke.1000",
              "1.21.9-gke.300",
              "1.21.6-gke.1503",
              "1.21.6-gke.1501",
              "1.21.6-gke.1500",
              "1.21.5-gke.1805",
              "1.21.5-gke.1802",
              "1.21.5-gke.1302",
              "1.21.5-gke.1300",
              "1.21.4-gke.2302",
              "1.21.4-gke.2300",
              "1.21.3-gke.2003",
              "1.21.3-gke.2001",
              "1.20.15-gke.13700",
              "1.20.15-gke.13400",
              "1.20.15-gke.12800",
              "1.20.15-gke.11400",
              "1.20.15-gke.9900",
              "1.20.15-gke.8700",
              "1.20.15-gke.8200",
              "1.20.15-gke.8000",
              "1.20.15-gke.6000",
              "1.20.15-gke.5200",
              "1.20.15-gke.5000",
              "1.20.15-gke.4100",
              "1.20.15-gke.3600",
              "1.20.15-gke.3400",
              "1.20.15-gke.2500",
              "1.20.15-gke.1000",
              "1.20.15-gke.300",
              "1.20.12-gke.1500",
              "1.20.11-gke.1801",
              "1.20.11-gke.1300",
              "1.20.10-gke.2100",
              "1.20.10-gke.1600",
              "1.20.10-gke.301",
              "1.20.9-gke.2100",
              "1.20.9-gke.1001",
              "1.20.9-gke.1000",
              "1.20.9-gke.701",
              "1.20.9-gke.700",
              "1.20.8-gke.2101",
              "1.20.8-gke.2100",
              "1.20.8-gke.900",
              "1.20.8-gke.700",
              "1.20.7-gke.2200",
              "1.20.7-gke.1800",
              "1.20.6-gke.1400",
              "1.20.6-gke.1000",
              "1.19.16-gke.15700",
              "1.19.16-gke.14500",
              "1.19.16-gke.14000",
              "1.19.16-gke.13800",
              "1.19.16-gke.11800",
              "1.19.16-gke.11000",
              "1.19.16-gke.10800",
              "1.19.16-gke.9900",
              "1.19.16-gke.9400",
              "1.19.16-gke.9200",
              "1.19.16-gke.8300",
              "1.19.16-gke.6800",
              "1.19.16-gke.6100",
              "1.19.16-gke.3600",
              "1.19.15-gke.1801",
              "1.19.15-gke.1300",
              "1.19.15-gke.500",
              "1.19.14-gke.2300",
              "1.19.14-gke.1900",
              "1.19.14-gke.301",
              "1.19.14-gke.300",
              "1.19.13-gke.1900",
              "1.19.13-gke.1200",
              "1.19.13-gke.701",
              "1.19.13-gke.700",
              "1.19.12-gke.2101",
              "1.19.12-gke.2100",
              "1.19.12-gke.1100",
              "1.19.12-gke.900",
              "1.19.12-gke.700",
              "1.19.11-gke.2101",
              "1.19.11-gke.2100",
              "1.19.11-gke.1701",
              "1.19.11-gke.1700",
              "1.19.10-gke.1701",
              "1.19.10-gke.1700",
              "1.19.10-gke.1601",
              "1.19.10-gke.1600",
              "1.19.10-gke.1001",
              "1.19.10-gke.1000",
              "1.19.9-gke.1900",
              "1.19.9-gke.1400",
              "1.19.9-gke.700",
              "1.19.9-gke.100",
              "1.19.8-gke.2000",
              "1.19.8-gke.1600",
              "1.19.8-gke.1000",
              "1.19.7-gke.2503",
              "1.19.7-gke.1500",
              "1.19.7-gke.1302",
              "1.19.7-gke.800",
              "1.19.6-gke.1700",
              "1.19.6-gke.1100",
              "1.19.6-gke.600",
              "1.18.20-gke.6101",
              "1.18.20-gke.6000",
              "1.18.20-gke.4501",
              "1.18.20-gke.4500",
              "1.18.20-gke.4100",
              "1.18.20-gke.3300",
              "1.18.20-gke.3001",
              "1.18.20-gke.3000",
              "1.18.20-gke.2300",
              "1.18.20-gke.901",
              "1.18.20-gke.900",
              "1.18.20-gke.501",
              "1.18.19-gke.2101",
              "1.18.19-gke.2100",
              "1.18.19-gke.1701",
              "1.18.19-gke.1700",
              "1.18.18-gke.1701",
              "1.18.18-gke.1700",
              "1.18.18-gke.1101",
              "1.18.18-gke.1100",
              "1.18.17-gke.1901",
              "1.18.17-gke.1900",
              "1.18.17-gke.1201",
              "1.18.17-gke.1200",
              "1.18.17-gke.700",
              "1.18.17-gke.100",
              "1.18.16-gke.2100",
              "1.18.16-gke.1201",
              "1.18.16-gke.1200",
              "1.18.16-gke.502",
              "1.18.16-gke.500",
              "1.18.16-gke.302",
              "1.18.16-gke.300",
              "1.18.15-gke.2500",
              "1.18.15-gke.1502",
              "1.18.15-gke.1501",
              "1.18.15-gke.1500",
              "1.18.15-gke.1102",
              "1.18.15-gke.1100",
              "1.18.15-gke.800",
              "1.18.14-gke.1600",
              "1.18.14-gke.1200",
              "1.18.12-gke.1210",
              "1.18.12-gke.1206",
              "1.18.12-gke.1205",
              "1.18.12-gke.1201",
              "1.18.12-gke.1200",
              "1.18.12-gke.300",
              "1.18.10-gke.2701",
              "1.18.10-gke.2101",
              "1.18.10-gke.1500",
              "1.18.10-gke.601",
              "1.18.9-gke.2501",
              "1.18.9-gke.1501",
              "1.18.9-gke.801",
              "1.18.6-gke.4801",
              "1.18.6-gke.3504",
              "1.18.6-gke.3503",
              "1.17.17-gke.9100",
              "1.17.17-gke.8500",
              "1.17.17-gke.8200",
              "1.17.17-gke.7800",
              "1.17.17-gke.7200",
              "1.17.17-gke.6700",
              "1.17.17-gke.6000",
              "1.17.17-gke.5400",
              "1.17.17-gke.4900",
              "1.17.17-gke.4400",
              "1.17.17-gke.3700",
              "1.17.17-gke.3000",
              "1.17.17-gke.2800",
              "1.17.17-gke.2500",
              "1.17.17-gke.1500",
              "1.17.17-gke.1101",
              "1.17.17-gke.1100",
              "1.17.17-gke.600",
              "1.17.16-gke.1600",
              "1.17.16-gke.1300",
              "1.17.15-gke.800",
              "1.17.15-gke.300",
              "1.17.14-gke.1600",
              "1.17.14-gke.1200",
              "1.17.14-gke.400",
              "1.17.13-gke.2600",
              "1.17.13-gke.2001",
              "1.17.13-gke.1401",
              "1.17.13-gke.1400",
              "1.17.13-gke.600",
              "1.17.12-gke.2502",
              "1.17.12-gke.1504",
              "1.17.12-gke.1501",
              "1.17.12-gke.500",
              "1.17.9-gke.6300",
              "1.17.9-gke.1504",
              "1.16.15-gke.14800",
              "1.16.15-gke.12500",
              "1.16.15-gke.11800",
              "1.16.15-gke.10600",
              "1.16.15-gke.7801",
              "1.16.15-gke.7800",
              "1.16.15-gke.7300",
              "1.16.15-gke.6900",
              "1.16.15-gke.6000",
              "1.16.15-gke.5500",
              "1.16.15-gke.4901",
              "1.16.15-gke.4301",
              "1.16.15-gke.4300",
              "1.16.15-gke.3500",
              "1.16.15-gke.2601",
              "1.16.15-gke.1600",
              "1.16.15-gke.500",
              "1.16.13-gke.404",
              "1.16.13-gke.403",
              "1.16.13-gke.401",
              "1.16.13-gke.400",
              "1.16.13-gke.1",
              "1.16.11-gke.5",
              "1.16.10-gke.8",
              "1.16.9-gke.6",
              "1.16.9-gke.2",
              "1.16.8-gke.15",
              "1.16.8-gke.12",
              "1.16.8-gke.9",
              "1.15.12-gke.6002",
              "1.15.12-gke.6001",
              "1.15.12-gke.5000",
              "1.15.12-gke.4002",
              "1.15.12-gke.4000",
              "1.15.12-gke.20",
              "1.15.12-gke.17",
              "1.15.12-gke.16",
              "1.15.12-gke.13",
              "1.15.12-gke.9",
              "1.15.12-gke.6",
              "1.15.12-gke.3",
              "1.15.12-gke.2",
              "1.15.11-gke.17",
              "1.15.11-gke.15",
              "1.15.11-gke.13",
              "1.15.11-gke.12",
              "1.15.11-gke.11",
              "1.15.11-gke.9",
              "1.15.11-gke.5",
              "1.15.11-gke.3",
              "1.15.11-gke.1",
              "1.15.9-gke.26",
              "1.15.9-gke.24",
              "1.15.9-gke.22",
              "1.15.9-gke.12",
              "1.15.9-gke.9",
              "1.15.9-gke.8",
              "1.15.8-gke.3",
              "1.15.8-gke.2",
              "1.15.7-gke.23",
              "1.15.7-gke.2",
              "1.15.4-gke.22",
              "1.14.10-gke.1504",
              "1.14.10-gke.902",
              "1.14.10-gke.50",
              "1.14.10-gke.46",
              "1.14.10-gke.45",
              "1.14.10-gke.42",
              "1.14.10-gke.41",
              "1.14.10-gke.40",
              "1.14.10-gke.37",
              "1.14.10-gke.36",
              "1.14.10-gke.34",
              "1.14.10-gke.32",
              "1.14.10-gke.31",
              "1.14.10-gke.27",
              "1.14.10-gke.24",
              "1.14.10-gke.22",
              "1.14.10-gke.21",
              "1.14.10-gke.17",
              "1.14.10-gke.0",
              "1.14.9-gke.23",
              "1.14.9-gke.2",
              "1.14.9-gke.0",
              "1.14.8-gke.33",
              "1.14.8-gke.21",
              "1.14.8-gke.18",
              "1.14.8-gke.17",
              "1.14.8-gke.14",
              "1.14.8-gke.12",
              "1.14.8-gke.7",
              "1.14.8-gke.2",
              "1.14.7-gke.40",
              "1.14.7-gke.25",
              "1.14.7-gke.23",
              "1.14.7-gke.17",
              "1.14.7-gke.14",
              "1.14.7-gke.10",
              "1.14.6-gke.13",
              "1.14.6-gke.2",
              "1.14.6-gke.1",
              "1.14.3-gke.11",
              "1.14.3-gke.10",
              "1.14.3-gke.9",
              "1.14.2-gke.9",
              "1.14.1-gke.5",
              "1.13.12-gke.30",
              "1.13.12-gke.25",
              "1.13.12-gke.17",
              "1.13.12-gke.16",
              "1.13.12-gke.14",
              "1.13.12-gke.13",
              "1.13.12-gke.10",
              "1.13.12-gke.8",
              "1.13.12-gke.4",
              "1.13.12-gke.2",
              "1.13.11-gke.23",
              "1.13.11-gke.15",
              "1.13.11-gke.14",
              "1.13.11-gke.12",
              "1.13.11-gke.11",
              "1.13.11-gke.9",
              "1.13.11-gke.5",
              "1.13.10-gke.7",
              "1.13.10-gke.0",
              "1.13.9-gke.11",
              "1.13.9-gke.3",
              "1.13.7-gke.24",
              "1.13.7-gke.19",
              "1.13.7-gke.15",
              "1.13.7-gke.8",
              "1.13.7-gke.0",
              "1.13.6-gke.13",
              "1.13.6-gke.6",
              "1.13.6-gke.5",
              "1.13.6-gke.0",
              "1.13.5-gke.10",
              "1.12.10-gke.22",
              "1.12.10-gke.20",
              "1.12.10-gke.19",
              "1.12.10-gke.18",
              "1.12.10-gke.17",
              "1.12.10-gke.15",
              "1.12.10-gke.13",
              "1.12.10-gke.11",
              "1.12.10-gke.5",
              "1.12.9-gke.16",
              "1.12.9-gke.15",
              "1.12.9-gke.13",
              "1.12.9-gke.10",
              "1.12.9-gke.7",
              "1.12.9-gke.3",
              "1.12.8-gke.12",
              "1.12.8-gke.10",
              "1.12.8-gke.7",
              "1.12.8-gke.6",
              "1.12.7-gke.26",
              "1.12.7-gke.25",
              "1.12.7-gke.24",
              "1.12.7-gke.22",
              "1.12.7-gke.21",
              "1.12.7-gke.17",
              "1.12.7-gke.10",
              "1.12.7-gke.7",
              "1.12.6-gke.11",
              "1.12.6-gke.10",
              "1.12.6-gke.7",
              "1.12.5-gke.10",
              "1.12.5-gke.5",
              "1.11.10-gke.6",
              "1.11.10-gke.5"
            ],
            "version_prefix": null
          },
          "sensitive_attributes": []
        }
      ]
    },
    {
      "module": "module.gke",
      "mode": "data",
      "type": "google_container_engine_versions",
      "name": "zone",
      "provider": "provider[\"registry.terraform.io/hashicorp/google\"]",
      "instances": [
        {
          "schema_version": 0,
          "attributes": {
            "default_cluster_version": "1.27.3-gke.100",
            "id": "2023-08-21 00:05:33.406543 +0000 UTC",
            "latest_master_version": "1.27.4-gke.900",
            "latest_node_version": "1.27.4-gke.900",
            "location": "us-central1-c",
            "project": "kthw2-310821",
            "release_channel_default_version": {
              "RAPID": "1.27.3-gke.1700",
              "REGULAR": "1.27.3-gke.100",
              "STABLE": "1.27.3-gke.100"
            },
            "release_channel_latest_version": {
              "RAPID": "1.27.4-gke.900",
              "REGULAR": "1.27.3-gke.1700",
              "STABLE": "1.27.3-gke.1700"
            },
            "valid_master_versions": [
              "1.27.4-gke.900",
              "1.27.3-gke.1700",
              "1.27.3-gke.100",
              "1.27.2-gke.2100",
              "1.27.2-gke.1200",
              "1.26.7-gke.500",
              "1.26.6-gke.1700",
              "1.26.5-gke.2700",
              "1.26.5-gke.2100",
              "1.26.5-gke.1400",
              "1.25.12-gke.500",
              "1.25.11-gke.1700",
              "1.25.10-gke.2700",
              "1.25.10-gke.2100",
              "1.24.16-gke.500",
              "1.24.15-gke.1700",
              "1.24.14-gke.2700",
              "1.24.14-gke.2100",
              "1.24.14-gke.1400",
              "1.23.17-gke.10700",
              "1.23.17-gke.10000",
              "1.23.17-gke.8400"
            ],
            "valid_node_versions": [
              "1.27.4-gke.900",
              "1.27.3-gke.1700",
              "1.27.3-gke.100",
              "1.27.2-gke.2100",
              "1.27.2-gke.1200",
              "1.26.7-gke.500",
              "1.26.6-gke.1700",
              "1.26.5-gke.2700",
              "1.26.5-gke.2100",
              "1.26.5-gke.1400",
              "1.26.5-gke.1200",
              "1.26.4-gke.1400",
              "1.26.4-gke.500",
              "1.26.3-gke.1000",
              "1.26.3-gke.400",
              "1.26.2-gke.1000",
              "1.26.1-gke.1500",
              "1.25.12-gke.500",
              "1.25.11-gke.1700",
              "1.25.10-gke.2700",
              "1.25.10-gke.2100",
              "1.25.10-gke.1400",
              "1.25.10-gke.1200",
              "1.25.9-gke.2300",
              "1.25.9-gke.400",
              "1.25.8-gke.1000",
              "1.25.8-gke.500",
              "1.25.7-gke.1000",
              "1.25.6-gke.1000",
              "1.25.6-gke.200",
              "1.25.5-gke.2000",
              "1.25.5-gke.1500",
              "1.25.4-gke.2100",
              "1.25.3-gke.800",
              "1.24.16-gke.500",
              "1.24.15-gke.1700",
              "1.24.14-gke.2700",
              "1.24.14-gke.2100",
              "1.24.14-gke.1400",
              "1.24.14-gke.1200",
              "1.24.13-gke.2500",
              "1.24.13-gke.500",
              "1.24.12-gke.1000",
              "1.24.12-gke.500",
              "1.24.11-gke.1000",
              "1.24.10-gke.2300",
              "1.24.10-gke.1200",
              "1.24.9-gke.3200",
              "1.24.9-gke.2000",
              "1.24.9-gke.1500",
              "1.24.8-gke.2000",
              "1.24.8-gke.401",
              "1.24.7-gke.900",
              "1.24.6-gke.1500",
              "1.24.5-gke.600",
              "1.24.4-gke.800",
              "1.24.3-gke.2100",
              "1.24.3-gke.900",
              "1.24.3-gke.200",
              "1.24.2-gke.1900",
              "1.24.2-gke.300",
              "1.24.1-gke.1800",
              "1.24.1-gke.1400",
              "1.23.17-gke.10700",
              "1.23.17-gke.10000",
              "1.23.17-gke.8400",
              "1.23.17-gke.7700",
              "1.23.17-gke.7000",
              "1.23.17-gke.6800",
              "1.23.17-gke.5600",
              "1.23.17-gke.3600",
              "1.23.17-gke.2000",
              "1.23.17-gke.1700",
              "1.23.17-gke.300",
              "1.23.16-gke.2500",
              "1.23.16-gke.1400",
              "1.23.16-gke.1100",
              "1.23.16-gke.200",
              "1.23.15-gke.1900",
              "1.23.15-gke.1400",
              "1.23.14-gke.1800",
              "1.23.14-gke.401",
              "1.23.13-gke.900",
              "1.23.12-gke.1600",
              "1.23.12-gke.100",
              "1.23.11-gke.300",
              "1.23.10-gke.1000",
              "1.23.9-gke.2100",
              "1.23.9-gke.900",
              "1.23.8-gke.1900",
              "1.23.8-gke.400",
              "1.23.7-gke.1400",
              "1.23.6-gke.2200",
              "1.23.6-gke.1700",
              "1.23.6-gke.1501",
              "1.23.6-gke.1500",
              "1.23.5-gke.2400",
              "1.23.5-gke.1503",
              "1.23.5-gke.1501",
              "1.22.17-gke.14100",
              "1.22.17-gke.13400",
              "1.22.17-gke.12700",
              "1.22.17-gke.11400",
              "1.22.17-gke.9400",
              "1.22.17-gke.8000",
              "1.22.17-gke.7500",
              "1.22.17-gke.6100",
              "1.22.17-gke.5400",
              "1.22.17-gke.4300",
              "1.22.17-gke.4000",
              "1.22.17-gke.3100",
              "1.22.17-gke.1900",
              "1.22.17-gke.1400",
              "1.22.16-gke.2000",
              "1.22.16-gke.1300",
              "1.22.15-gke.2500",
              "1.22.15-gke.1000",
              "1.22.15-gke.100",
              "1.22.14-gke.300",
              "1.22.13-gke.1000",
              "1.22.12-gke.2300",
              "1.22.12-gke.1200",
              "1.22.12-gke.500",
              "1.22.12-gke.300",
              "1.22.11-gke.400",
              "1.22.10-gke.600",
              "1.22.9-gke.2000",
              "1.22.9-gke.1500",
              "1.22.9-gke.1300",
              "1.22.8-gke.2200",
              "1.22.8-gke.202",
              "1.22.8-gke.201",
              "1.22.8-gke.200",
              "1.22.7-gke.1500",
              "1.22.7-gke.1300",
              "1.22.7-gke.900",
              "1.22.7-gke.300",
              "1.22.6-gke.1000",
              "1.22.6-gke.300",
              "1.22.4-gke.1501",
              "1.22.3-gke.1500",
              "1.21.14-gke.18800",
              "1.21.14-gke.18100",
              "1.21.14-gke.15800",
              "1.21.14-gke.14600",
              "1.21.14-gke.14100",
              "1.21.14-gke.8500",
              "1.21.14-gke.7100",
              "1.21.14-gke.5300",
              "1.21.14-gke.4300",
              "1.21.14-gke.3000",
              "1.21.14-gke.2700",
              "1.21.14-gke.2100",
              "1.21.14-gke.700",
              "1.21.13-gke.900",
              "1.21.12-gke.2200",
              "1.21.12-gke.1700",
              "1.21.12-gke.1500",
              "1.21.11-gke.1900",
              "1.21.11-gke.1100",
              "1.21.11-gke.900",
              "1.21.10-gke.2000",
              "1.21.10-gke.1500",
              "1.21.10-gke.1300",
              "1.21.10-gke.400",
              "1.21.9-gke.1002",
              "1.21.9-gke.1001",
              "1.21.9-gke.1000",
              "1.21.9-gke.300",
              "1.21.6-gke.1503",
              "1.21.6-gke.1501",
              "1.21.6-gke.1500",
              "1.21.5-gke.1805",
              "1.21.5-gke.1802",
              "1.21.5-gke.1302",
              "1.21.5-gke.1300",
              "1.21.4-gke.2302",
              "1.21.4-gke.2300",
              "1.21.3-gke.2003",
              "1.21.3-gke.2001",
              "1.20.15-gke.13700",
              "1.20.15-gke.13400",
              "1.20.15-gke.12800",
              "1.20.15-gke.11400",
              "1.20.15-gke.9900",
              "1.20.15-gke.8700",
              "1.20.15-gke.8200",
              "1.20.15-gke.8000",
              "1.20.15-gke.6000",
              "1.20.15-gke.5200",
              "1.20.15-gke.5000",
              "1.20.15-gke.4100",
              "1.20.15-gke.3600",
              "1.20.15-gke.3400",
              "1.20.15-gke.2500",
              "1.20.15-gke.1000",
              "1.20.15-gke.300",
              "1.20.12-gke.1500",
              "1.20.11-gke.1801",
              "1.20.11-gke.1300",
              "1.20.10-gke.2100",
              "1.20.10-gke.1600",
              "1.20.10-gke.301",
              "1.20.9-gke.2100",
              "1.20.9-gke.1001",
              "1.20.9-gke.1000",
              "1.20.9-gke.701",
              "1.20.9-gke.700",
              "1.20.8-gke.2101",
              "1.20.8-gke.2100",
              "1.20.8-gke.900",
              "1.20.8-gke.700",
              "1.20.7-gke.2200",
              "1.20.7-gke.1800",
              "1.20.6-gke.1400",
              "1.20.6-gke.1000",
              "1.19.16-gke.15700",
              "1.19.16-gke.14500",
              "1.19.16-gke.14000",
              "1.19.16-gke.13800",
              "1.19.16-gke.11800",
              "1.19.16-gke.11000",
              "1.19.16-gke.10800",
              "1.19.16-gke.9900",
              "1.19.16-gke.9400",
              "1.19.16-gke.9200",
              "1.19.16-gke.8300",
              "1.19.16-gke.6800",
              "1.19.16-gke.6100",
              "1.19.16-gke.3600",
              "1.19.15-gke.1801",
              "1.19.15-gke.1300",
              "1.19.15-gke.500",
              "1.19.14-gke.2300",
              "1.19.14-gke.1900",
              "1.19.14-gke.301",
              "1.19.14-gke.300",
              "1.19.13-gke.1900",
              "1.19.13-gke.1200",
              "1.19.13-gke.701",
              "1.19.13-gke.700",
              "1.19.12-gke.2101",
              "1.19.12-gke.2100",
              "1.19.12-gke.1100",
              "1.19.12-gke.900",
              "1.19.12-gke.700",
              "1.19.11-gke.2101",
              "1.19.11-gke.2100",
              "1.19.11-gke.1701",
              "1.19.11-gke.1700",
              "1.19.10-gke.1701",
              "1.19.10-gke.1700",
              "1.19.10-gke.1601",
              "1.19.10-gke.1600",
              "1.19.10-gke.1001",
              "1.19.10-gke.1000",
              "1.19.9-gke.1900",
              "1.19.9-gke.1400",
              "1.19.9-gke.700",
              "1.19.9-gke.100",
              "1.19.8-gke.2000",
              "1.19.8-gke.1600",
              "1.19.8-gke.1000",
              "1.19.7-gke.2503",
              "1.19.7-gke.1500",
              "1.19.7-gke.1302",
              "1.19.7-gke.800",
              "1.19.6-gke.1700",
              "1.19.6-gke.1100",
              "1.19.6-gke.600",
              "1.18.20-gke.6101",
              "1.18.20-gke.6000",
              "1.18.20-gke.4501",
              "1.18.20-gke.4500",
              "1.18.20-gke.4100",
              "1.18.20-gke.3300",
              "1.18.20-gke.3001",
              "1.18.20-gke.3000",
              "1.18.20-gke.2300",
              "1.18.20-gke.901",
              "1.18.20-gke.900",
              "1.18.20-gke.501",
              "1.18.19-gke.2101",
              "1.18.19-gke.2100",
              "1.18.19-gke.1701",
              "1.18.19-gke.1700",
              "1.18.18-gke.1701",
              "1.18.18-gke.1700",
              "1.18.18-gke.1101",
              "1.18.18-gke.1100",
              "1.18.17-gke.1901",
              "1.18.17-gke.1900",
              "1.18.17-gke.1201",
              "1.18.17-gke.1200",
              "1.18.17-gke.700",
              "1.18.17-gke.100",
              "1.18.16-gke.2100",
              "1.18.16-gke.1201",
              "1.18.16-gke.1200",
              "1.18.16-gke.502",
              "1.18.16-gke.500",
              "1.18.16-gke.302",
              "1.18.16-gke.300",
              "1.18.15-gke.2500",
              "1.18.15-gke.1502",
              "1.18.15-gke.1501",
              "1.18.15-gke.1500",
              "1.18.15-gke.1102",
              "1.18.15-gke.1100",
              "1.18.15-gke.800",
              "1.18.14-gke.1600",
              "1.18.14-gke.1200",
              "1.18.12-gke.1210",
              "1.18.12-gke.1206",
              "1.18.12-gke.1205",
              "1.18.12-gke.1201",
              "1.18.12-gke.1200",
              "1.18.12-gke.300",
              "1.18.10-gke.2701",
              "1.18.10-gke.2101",
              "1.18.10-gke.1500",
              "1.18.10-gke.601",
              "1.18.9-gke.2501",
              "1.18.9-gke.1501",
              "1.18.9-gke.801",
              "1.18.6-gke.4801",
              "1.18.6-gke.3504",
              "1.18.6-gke.3503",
              "1.17.17-gke.9100",
              "1.17.17-gke.8500",
              "1.17.17-gke.8200",
              "1.17.17-gke.7800",
              "1.17.17-gke.7200",
              "1.17.17-gke.6700",
              "1.17.17-gke.6000",
              "1.17.17-gke.5400",
              "1.17.17-gke.4900",
              "1.17.17-gke.4400",
              "1.17.17-gke.3700",
              "1.17.17-gke.3000",
              "1.17.17-gke.2800",
              "1.17.17-gke.2500",
              "1.17.17-gke.1500",
              "1.17.17-gke.1101",
              "1.17.17-gke.1100",
              "1.17.17-gke.600",
              "1.17.16-gke.1600",
              "1.17.16-gke.1300",
              "1.17.15-gke.800",
              "1.17.15-gke.300",
              "1.17.14-gke.1600",
              "1.17.14-gke.1200",
              "1.17.14-gke.400",
              "1.17.13-gke.2600",
              "1.17.13-gke.2001",
              "1.17.13-gke.1401",
              "1.17.13-gke.1400",
              "1.17.13-gke.600",
              "1.17.12-gke.2502",
              "1.17.12-gke.1504",
              "1.17.12-gke.1501",
              "1.17.12-gke.500",
              "1.17.9-gke.6300",
              "1.17.9-gke.1504",
              "1.16.15-gke.14800",
              "1.16.15-gke.12500",
              "1.16.15-gke.11800",
              "1.16.15-gke.10600",
              "1.16.15-gke.7801",
              "1.16.15-gke.7800",
              "1.16.15-gke.7300",
              "1.16.15-gke.6900",
              "1.16.15-gke.6000",
              "1.16.15-gke.5500",
              "1.16.15-gke.4901",
              "1.16.15-gke.4301",
              "1.16.15-gke.4300",
              "1.16.15-gke.3500",
              "1.16.15-gke.2601",
              "1.16.15-gke.1600",
              "1.16.15-gke.500",
              "1.16.13-gke.404",
              "1.16.13-gke.403",
              "1.16.13-gke.401",
              "1.16.13-gke.400",
              "1.16.13-gke.1",
              "1.16.11-gke.5",
              "1.16.10-gke.8",
              "1.16.9-gke.6",
              "1.16.9-gke.2",
              "1.16.8-gke.15",
              "1.16.8-gke.12",
              "1.16.8-gke.9",
              "1.15.12-gke.6002",
              "1.15.12-gke.6001",
              "1.15.12-gke.5000",
              "1.15.12-gke.4002",
              "1.15.12-gke.4000",
              "1.15.12-gke.20",
              "1.15.12-gke.17",
              "1.15.12-gke.16",
              "1.15.12-gke.13",
              "1.15.12-gke.9",
              "1.15.12-gke.6",
              "1.15.12-gke.3",
              "1.15.12-gke.2",
              "1.15.11-gke.17",
              "1.15.11-gke.15",
              "1.15.11-gke.13",
              "1.15.11-gke.12",
              "1.15.11-gke.11",
              "1.15.11-gke.9",
              "1.15.11-gke.5",
              "1.15.11-gke.3",
              "1.15.11-gke.1",
              "1.15.9-gke.26",
              "1.15.9-gke.24",
              "1.15.9-gke.22",
              "1.15.9-gke.12",
              "1.15.9-gke.9",
              "1.15.9-gke.8",
              "1.15.8-gke.3",
              "1.15.8-gke.2",
              "1.15.7-gke.23",
              "1.15.7-gke.2",
              "1.15.4-gke.22",
              "1.14.10-gke.1504",
              "1.14.10-gke.902",
              "1.14.10-gke.50",
              "1.14.10-gke.46",
              "1.14.10-gke.45",
              "1.14.10-gke.42",
              "1.14.10-gke.41",
              "1.14.10-gke.40",
              "1.14.10-gke.37",
              "1.14.10-gke.36",
              "1.14.10-gke.34",
              "1.14.10-gke.32",
              "1.14.10-gke.31",
              "1.14.10-gke.27",
              "1.14.10-gke.24",
              "1.14.10-gke.22",
              "1.14.10-gke.21",
              "1.14.10-gke.17",
              "1.14.10-gke.0",
              "1.14.9-gke.23",
              "1.14.9-gke.2",
              "1.14.9-gke.0",
              "1.14.8-gke.33",
              "1.14.8-gke.21",
              "1.14.8-gke.18",
              "1.14.8-gke.17",
              "1.14.8-gke.14",
              "1.14.8-gke.12",
              "1.14.8-gke.7",
              "1.14.8-gke.2",
              "1.14.7-gke.40",
              "1.14.7-gke.25",
              "1.14.7-gke.23",
              "1.14.7-gke.17",
              "1.14.7-gke.14",
              "1.14.7-gke.10",
              "1.14.6-gke.13",
              "1.14.6-gke.2",
              "1.14.6-gke.1",
              "1.14.3-gke.11",
              "1.14.3-gke.10",
              "1.14.3-gke.9",
              "1.14.2-gke.9",
              "1.14.1-gke.5",
              "1.13.12-gke.30",
              "1.13.12-gke.25",
              "1.13.12-gke.17",
              "1.13.12-gke.16",
              "1.13.12-gke.14",
              "1.13.12-gke.13",
              "1.13.12-gke.10",
              "1.13.12-gke.8",
              "1.13.12-gke.4",
              "1.13.12-gke.2",
              "1.13.11-gke.23",
              "1.13.11-gke.15",
              "1.13.11-gke.14",
              "1.13.11-gke.12",
              "1.13.11-gke.11",
              "1.13.11-gke.9",
              "1.13.11-gke.5",
              "1.13.10-gke.7",
              "1.13.10-gke.0",
              "1.13.9-gke.11",
              "1.13.9-gke.3",
              "1.13.7-gke.24",
              "1.13.7-gke.19",
              "1.13.7-gke.15",
              "1.13.7-gke.8",
              "1.13.7-gke.0",
              "1.13.6-gke.13",
              "1.13.6-gke.6",
              "1.13.6-gke.5",
              "1.13.6-gke.0",
              "1.13.5-gke.10",
              "1.12.10-gke.22",
              "1.12.10-gke.20",
              "1.12.10-gke.19",
              "1.12.10-gke.18",
              "1.12.10-gke.17",
              "1.12.10-gke.15",
              "1.12.10-gke.13",
              "1.12.10-gke.11",
              "1.12.10-gke.5",
              "1.12.9-gke.16",
              "1.12.9-gke.15",
              "1.12.9-gke.13",
              "1.12.9-gke.10",
              "1.12.9-gke.7",
              "1.12.9-gke.3",
              "1.12.8-gke.12",
              "1.12.8-gke.10",
              "1.12.8-gke.7",
              "1.12.8-gke.6",
              "1.12.7-gke.26",
              "1.12.7-gke.25",
              "1.12.7-gke.24",
              "1.12.7-gke.22",
              "1.12.7-gke.21",
              "1.12.7-gke.17",
              "1.12.7-gke.10",
              "1.12.7-gke.7",
              "1.12.6-gke.11",
              "1.12.6-gke.10",
              "1.12.6-gke.7",
              "1.12.5-gke.10",
              "1.12.5-gke.5",
              "1.11.10-gke.6",
              "1.11.10-gke.5"
            ],
            "version_prefix": null
          },
          "sensitive_attributes": []
        }
      ]
    },
    {
      "module": "module.gke",
      "mode": "managed",
      "type": "google_container_cluster",
      "name": "primary",
      "provider": "provider[\"registry.terraform.io/hashicorp/google\"]",
      "instances": [
        {
          "schema_version": 1,
          "attributes": {
            "addons_config": [
              {
                "cloudrun_config": [],
                "config_connector_config": [],
                "dns_cache_config": [
                  {
                    "enabled": false
                  }
                ],
                "gce_persistent_disk_csi_driver_config": [
                  {
                    "enabled": true
                  }
                ],
                "gcp_filestore_csi_driver_config": [
                  {
                    "enabled": false
                  }
                ],
                "gcs_fuse_csi_driver_config": [],
                "gke_backup_agent_config": [
                  {
                    "enabled": false
                  }
                ],
                "horizontal_pod_autoscaling": [
                  {
                    "disabled": false
                  }
                ],
                "http_load_balancing": [
                  {
                    "disabled": true
                  }
                ],
                "network_policy_config": [
                  {
                    "disabled": true
                  }
                ]
              }
            ],
            "allow_net_admin": null,
            "authenticator_groups_config": [],
            "binary_authorization": [
              {
                "enabled": false,
                "evaluation_mode": ""
              }
            ],
            "cluster_autoscaling": [
              {
                "auto_provisioning_defaults": [],
                "enabled": false,
                "resource_limits": []
              }
            ],
            "cluster_ipv4_cidr": "192.168.0.0/18",
            "confidential_nodes": [],
            "cost_management_config": [],
            "database_encryption": [
              {
                "key_name": "",
                "state": "DECRYPTED"
              }
            ],
            "datapath_provider": "",
            "default_max_pods_per_node": 110,
            "default_snat_status": [
              {
                "disabled": false
              }
            ],
            "description": "",
            "dns_config": [],
            "enable_autopilot": false,
            "enable_binary_authorization": false,
            "enable_intranode_visibility": false,
            "enable_k8s_beta_apis": [],
            "enable_kubernetes_alpha": false,
            "enable_l4_ilb_subsetting": false,
            "enable_legacy_abac": false,
            "enable_shielded_nodes": true,
            "enable_tpu": false,
            "endpoint": "34.72.186.208",
            "gateway_api_config": [],
            "id": "projects/kthw2-310821/locations/us-central1/clusters/node-pool-clusterdev",
            "initial_node_count": 0,
            "ip_allocation_policy": [
              {
                "cluster_ipv4_cidr_block": "192.168.0.0/18",
                "cluster_secondary_range_name": "ip-range-pods",
                "pod_cidr_overprovision_config": [
                  {
                    "disabled": false
                  }
                ],
                "services_ipv4_cidr_block": "192.168.64.0/18",
                "services_secondary_range_name": "ip-range-svc",
                "stack_type": "IPV4"
              }
            ],
            "label_fingerprint": "a9dc16a7",
            "location": "us-central1",
            "logging_config": [
              {
                "enable_components": [
                  "SYSTEM_COMPONENTS",
                  "WORKLOADS"
                ]
              }
            ],
            "logging_service": "logging.googleapis.com/kubernetes",
            "maintenance_policy": [
              {
                "daily_maintenance_window": [
                  {
                    "duration": "PT4H0M0S",
                    "start_time": "05:00"
                  }
                ],
                "maintenance_exclusion": [],
                "recurring_window": []
              }
            ],
            "master_auth": [
              {
                "client_certificate": "",
                "client_certificate_config": [
                  {
                    "issue_client_certificate": false
                  }
                ],
                "client_key": "",
                "cluster_ca_certificate": "LS0tLS1CRUdJTiBDRVJUSUZJQ0FURS0tLS0tCk1JSUVMVENDQXBXZ0F3SUJBZ0lSQU51UkFva3lzR2FiVHpkb2FHR2FQOGt3RFFZSktvWklodmNOQVFFTEJRQXcKTHpFdE1Dc0dBMVVFQXhNa1pXTmhaVGN5TXpRdFlUYzNNaTAwT0RSaExXRXdaVEV0WVRKbFpXVmlZalU0WmpJNApNQ0FYRFRJek1EZ3lNREU1TkRnMU1Wb1lEekl3TlRNd09ERXlNakEwT0RVeFdqQXZNUzB3S3dZRFZRUURFeVJsClkyRmxOekl6TkMxaE56Y3lMVFE0TkdFdFlUQmxNUzFoTW1WbFpXSmlOVGhtTWpnd2dnR2lNQTBHQ1NxR1NJYjMKRFFFQkFRVUFBNElCandBd2dnR0tBb0lCZ1FDYU1SSTNGbFE4bm5RUk9xZjhQN1VzUU5YcTlERGlYQlZYQXRxYgprSzJJR0crbW00NUlRaUFJZlZ0V1RhYmxsSTRjTTcwdjg5aXFqamRuOEkxcS92V2pBM3FzUVVscUhlUExjTWJoCklKcEtEVG5XUlJWMHpaTXlEZHhZZXphVE14VWo0OEIwUTNEK1F5U3p4SE1BNWhrWlMrcUhrUDhXTjhPaVd3SmcKOFdYTjlWNnJNZlRFL2NSL09NRzdiYm9EN3Y5d0RPYjkyK1dkWnpHT21TSVF6MXBQRFdjd2M1dTFVUktuYnhoYQp3a3FuaVRwZVZETGJZdWdNYXR4NWdIMFRPNnJ6eHR3MHQ1eVgzRm9Hd3c3UEpxNm5OdDN0UUtwNVpvRnlkRDAvCmNmRzZNN0NUdDhXSW5KeVBUSW1ZZGlIbUZFNTNmeUVnbFdRRXA5Y1RHSFM5N2lVa2lnQmF0emF4d0w5OGovUDAKTklmb0UyeWpYSjhVR0RjUUljNXJDZVY2WWkybXhLL05LSWt3cnA2K25qbHViUnVqdFRsUEtoYURhYjRxT0JDVgoyVmkzZE5ORHZpNVlDaFZlSEFsWnR0cWdHSmVpL0habDZpd3cwVUorTFlCYkJJVklNRVVqdUV6dHpyZlhLNnIxCmFXWW5ZeHAyRU9FNS82MXJyV1g1SUN2ZTZmc0NBd0VBQWFOQ01FQXdEZ1lEVlIwUEFRSC9CQVFEQWdJRU1BOEcKQTFVZEV3RUIvd1FGTUFNQkFmOHdIUVlEVlIwT0JCWUVGSGI0THM5Q2RTVDZ5WEdTMDN6d1VIVnZXVVVzTUEwRwpDU3FHU0liM0RRRUJDd1VBQTRJQmdRQ1l6Q0h0WTFkNjFkeWQ1Mi9hSU9EV2FKaGowd0tkOGo5NTZhbWEzNjlSClpuLzdCMUVBQ2hNdCtmNFBRQlArZUlYN0UxU1dweitTeVdsd1VJcXRGZDljVlhQS1RYU1E5VzROVUtjU0xtNVkKTXYycHVLdDJQNWtRREc0YTNTVmtEL1pXd0x4V2w3RmhHR2FUSDd3YlJHL1VQdTQ1RFJCR2VyRW1zaVZkWFdYUQpuWnY1eGJpZGwwRkRzVVh2NXc1TnJOa2VYSFVXS2VyWFpES2tVSEdDSHR3YW9leURsaHFvSFpDSXRseGtsZmNtCm4rQmxzOXNrWTZRVzFkWEFoVFFsV25FOWpFSEpybDN2QmY0Y2taaXNnWTNOU0Fxa3A0bm84WFZvQ3RzVVBORXcKNjhGb095cW9UcmxXTHZGWnllU3BYdXVGQjA3WG9OTzQ0Y3lVdkF6QlFDdTdzSjNDR2plWlE4VWUvSXJrd3ZaWQpzRXdteGNVejZYU2JMRWVIVWhubVNXWG1IZG1qNHQ1dWlwOGgxaXJIdEdSZ2g2RDAzOHorM25HNE1Ra3hlbnRYCk1pY0pveWF2WElTei9haHZNU3E3V0grTlJNTmxQQ1VjSXZ0RDVJQXdRT1JyUTRGek8zblM2ODg5WXU2cmNPYVkKenFxQWMzRFc1OTAyTTBldEZ4ZGtpMkk9Ci0tLS0tRU5EIENFUlRJRklDQVRFLS0tLS0K"
              }
            ],
            "master_authorized_networks_config": [],
            "master_version": "1.27.3-gke.100",
            "mesh_certificates": [],
            "min_master_version": null,
            "monitoring_config": [
              {
                "advanced_datapath_observability_config": [
                  {
                    "enable_metrics": false,
                    "relay_mode": "DISABLED"
                  }
                ],
                "enable_components": [
                  "SYSTEM_COMPONENTS"
                ],
                "managed_prometheus": [
                  {
                    "enabled": true
                  }
                ]
              }
            ],
            "monitoring_service": "monitoring.googleapis.com/kubernetes",
            "name": "node-pool-clusterdev",
            "network": "projects/kthw2-310821/global/networks/gke-network",
            "network_policy": [
              {
                "enabled": false,
                "provider": "PROVIDER_UNSPECIFIED"
              }
            ],
            "networking_mode": "VPC_NATIVE",
            "node_config": [
              {
                "advanced_machine_features": [],
                "boot_disk_kms_key": "",
                "disk_size_gb": 100,
                "disk_type": "pd-balanced",
                "ephemeral_storage_local_ssd_config": [],
                "gcfs_config": [],
                "guest_accelerator": [],
                "gvnic": [],
                "host_maintenance_policy": [],
                "image_type": "COS_CONTAINERD",
                "kubelet_config": [],
                "labels": {},
                "linux_node_config": [],
                "local_nvme_ssd_block_config": [],
                "local_ssd_count": 0,
                "logging_variant": "DEFAULT",
                "machine_type": "e2-medium",
                "metadata": {
                  "disable-legacy-endpoints": "true"
                },
                "min_cpu_platform": "",
                "node_group": "",
                "oauth_scopes": [
                  "https://www.googleapis.com/auth/cloud-platform",
                  "https://www.googleapis.com/auth/userinfo.email"
                ],
                "preemptible": false,
                "reservation_affinity": [],
                "resource_labels": {},
                "service_account": "terraform@kthw2-310821.iam.gserviceaccount.com",
                "shielded_instance_config": [
                  {
                    "enable_integrity_monitoring": true,
                    "enable_secure_boot": false
                  }
                ],
                "sole_tenant_config": [],
                "spot": false,
                "tags": [
                  "gke-node-pool-clusterdev",
                  "gke-node-pool-clusterdev-default-pool",
                  "default-node-pool"
                ],
                "taint": [],
                "workload_metadata_config": [
                  {
                    "mode": "GKE_METADATA"
                  }
                ]
              }
            ],
            "node_locations": [
              "us-central1-a",
              "us-central1-b",
              "us-central1-c"
            ],
            "node_pool": [
              {
                "autoscaling": [],
                "initial_node_count": 0,
                "instance_group_urls": [
                  "https://www.googleapis.com/compute/v1/projects/kthw2-310821/zones/us-central1-a/instanceGroupManagers/gke-node-pool-clusterdev-default-pool-73523b54-grp",
                  "https://www.googleapis.com/compute/v1/projects/kthw2-310821/zones/us-central1-b/instanceGroupManagers/gke-node-pool-clusterdev-default-pool-6b4fdeab-grp",
                  "https://www.googleapis.com/compute/v1/projects/kthw2-310821/zones/us-central1-c/instanceGroupManagers/gke-node-pool-clusterdev-default-pool-095e124b-grp"
                ],
                "managed_instance_group_urls": [
                  "https://www.googleapis.com/compute/v1/projects/kthw2-310821/zones/us-central1-a/instanceGroups/gke-node-pool-clusterdev-default-pool-73523b54-grp",
                  "https://www.googleapis.com/compute/v1/projects/kthw2-310821/zones/us-central1-b/instanceGroups/gke-node-pool-clusterdev-default-pool-6b4fdeab-grp",
                  "https://www.googleapis.com/compute/v1/projects/kthw2-310821/zones/us-central1-c/instanceGroups/gke-node-pool-clusterdev-default-pool-095e124b-grp"
                ],
                "management": [
                  {
                    "auto_repair": true,
                    "auto_upgrade": true
                  }
                ],
                "max_pods_per_node": 110,
                "name": "default-pool",
                "name_prefix": "",
                "network_config": [
                  {
                    "create_pod_range": false,
                    "enable_private_nodes": false,
                    "pod_cidr_overprovision_config": [],
                    "pod_ipv4_cidr_block": "192.168.0.0/18",
                    "pod_range": "ip-range-pods"
                  }
                ],
                "node_config": [
                  {
                    "advanced_machine_features": [],
                    "boot_disk_kms_key": "",
                    "disk_size_gb": 100,
                    "disk_type": "pd-balanced",
                    "ephemeral_storage_local_ssd_config": [],
                    "gcfs_config": [],
                    "guest_accelerator": [],
                    "gvnic": [],
                    "host_maintenance_policy": [],
                    "image_type": "COS_CONTAINERD",
                    "kubelet_config": [],
                    "labels": {},
                    "linux_node_config": [],
                    "local_nvme_ssd_block_config": [],
                    "local_ssd_count": 0,
                    "logging_variant": "DEFAULT",
                    "machine_type": "e2-medium",
                    "metadata": {
                      "disable-legacy-endpoints": "true"
                    },
                    "min_cpu_platform": "",
                    "node_group": "",
                    "oauth_scopes": [
                      "https://www.googleapis.com/auth/cloud-platform",
                      "https://www.googleapis.com/auth/userinfo.email"
                    ],
                    "preemptible": false,
                    "reservation_affinity": [],
                    "resource_labels": {},
                    "service_account": "terraform@kthw2-310821.iam.gserviceaccount.com",
                    "shielded_instance_config": [
                      {
                        "enable_integrity_monitoring": true,
                        "enable_secure_boot": false
                      }
                    ],
                    "sole_tenant_config": [],
                    "spot": false,
                    "tags": [
                      "gke-node-pool-clusterdev",
                      "gke-node-pool-clusterdev-default-pool",
                      "default-node-pool"
                    ],
                    "taint": [],
                    "workload_metadata_config": [
                      {
                        "mode": "GKE_METADATA"
                      }
                    ]
                  }
                ],
                "node_count": 0,
                "node_locations": [
                  "us-central1-a",
                  "us-central1-b",
                  "us-central1-c"
                ],
                "placement_policy": [],
                "upgrade_settings": [
                  {
                    "blue_green_settings": [],
                    "max_surge": 1,
                    "max_unavailable": 0,
                    "strategy": "SURGE"
                  }
                ],
                "version": "1.27.3-gke.100"
              },
              {
                "autoscaling": [
                  {
                    "location_policy": "BALANCED",
                    "max_node_count": 5,
                    "min_node_count": 1,
                    "total_max_node_count": 0,
                    "total_min_node_count": 0
                  }
                ],
                "initial_node_count": 1,
                "instance_group_urls": [
                  "https://www.googleapis.com/compute/v1/projects/kthw2-310821/zones/us-central1-b/instanceGroupManagers/gke-node-pool-clusterdev-node-pool-01-d345567a-grp",
                  "https://www.googleapis.com/compute/v1/projects/kthw2-310821/zones/us-central1-c/instanceGroupManagers/gke-node-pool-clusterdev-node-pool-01-a9f07792-grp"
                ],
                "managed_instance_group_urls": [
                  "https://www.googleapis.com/compute/v1/projects/kthw2-310821/zones/us-central1-b/instanceGroups/gke-node-pool-clusterdev-node-pool-01-d345567a-grp",
                  "https://www.googleapis.com/compute/v1/projects/kthw2-310821/zones/us-central1-c/instanceGroups/gke-node-pool-clusterdev-node-pool-01-a9f07792-grp"
                ],
                "management": [
                  {
                    "auto_repair": true,
                    "auto_upgrade": true
                  }
                ],
                "max_pods_per_node": 110,
                "name": "node-pool-01",
                "name_prefix": "",
                "network_config": [
                  {
                    "create_pod_range": false,
                    "enable_private_nodes": false,
                    "pod_cidr_overprovision_config": [],
                    "pod_ipv4_cidr_block": "192.168.0.0/18",
                    "pod_range": "ip-range-pods"
                  }
                ],
                "node_config": [
                  {
                    "advanced_machine_features": [],
                    "boot_disk_kms_key": "",
                    "disk_size_gb": 40,
                    "disk_type": "pd-standard",
                    "ephemeral_storage_local_ssd_config": [],
                    "gcfs_config": [],
                    "guest_accelerator": [],
                    "gvnic": [],
                    "host_maintenance_policy": [],
                    "image_type": "COS_CONTAINERD",
                    "kubelet_config": [],
                    "labels": {
                      "cluster_name": "node-pool-clusterdev",
                      "node_pool": "node-pool-01"
                    },
                    "linux_node_config": [],
                    "local_nvme_ssd_block_config": [],
                    "local_ssd_count": 0,
                    "logging_variant": "DEFAULT",
                    "machine_type": "e2-standard-4",
                    "metadata": {
                      "cluster_name": "node-pool-clusterdev",
                      "disable-legacy-endpoints": "true",
                      "node_pool": "node-pool-01"
                    },
                    "min_cpu_platform": "",
                    "node_group": "",
                    "oauth_scopes": [
                      "https://www.googleapis.com/auth/logging.write",
                      "https://www.googleapis.com/auth/monitoring"
                    ],
                    "preemptible": false,
                    "reservation_affinity": [],
                    "resource_labels": {},
                    "service_account": "terraform@kthw2-310821.iam.gserviceaccount.com",
                    "shielded_instance_config": [
                      {
                        "enable_integrity_monitoring": true,
                        "enable_secure_boot": false
                      }
                    ],
                    "sole_tenant_config": [],
                    "spot": false,
                    "tags": [
                      "gke-node-pool-clusterdev",
                      "gke-node-pool-clusterdev-node-pool-01"
                    ],
                    "taint": [],
                    "workload_metadata_config": [
                      {
                        "mode": "GKE_METADATA"
                      }
                    ]
                  }
                ],
                "node_count": 1,
                "node_locations": [
                  "us-central1-b",
                  "us-central1-c"
                ],
                "placement_policy": [],
                "upgrade_settings": [
                  {
                    "blue_green_settings": [],
                    "max_surge": 1,
                    "max_unavailable": 0,
                    "strategy": "SURGE"
                  }
                ],
                "version": "1.27.3-gke.100"
              }
            ],
            "node_pool_defaults": [
              {
                "node_config_defaults": [
                  {
                    "logging_variant": "DEFAULT"
                  }
                ]
              }
            ],
            "node_version": "1.27.3-gke.100",
            "notification_config": [
              {
                "pubsub": [
                  {
                    "enabled": false,
                    "filter": [],
                    "topic": ""
                  }
                ]
              }
            ],
            "operation": null,
            "private_cluster_config": [
              {
                "enable_private_endpoint": false,
                "enable_private_nodes": false,
                "master_global_access_config": [
                  {
                    "enabled": false
                  }
                ],
                "master_ipv4_cidr_block": "",
                "peering_name": "",
                "private_endpoint": "10.0.0.2",
                "private_endpoint_subnetwork": "",
                "public_endpoint": "34.72.186.208"
              }
            ],
            "private_ipv6_google_access": "",
            "project": "kthw2-310821",
            "release_channel": [
              {
                "channel": "REGULAR"
              }
            ],
            "remove_default_node_pool": false,
            "resource_labels": {},
            "resource_usage_export_config": [],
            "security_posture_config": [
              {
                "mode": "BASIC",
                "vulnerability_mode": "VULNERABILITY_MODE_UNSPECIFIED"
              }
            ],
            "self_link": "https://container.googleapis.com/v1/projects/kthw2-310821/locations/us-central1/clusters/node-pool-clusterdev",
            "service_external_ips_config": [
              {
                "enabled": false
              }
            ],
            "services_ipv4_cidr": "192.168.64.0/18",
            "subnetwork": "projects/kthw2-310821/regions/us-central1/subnetworks/gke-subnet",
            "timeouts": {
              "create": "45m",
              "delete": "45m",
              "read": null,
              "update": "45m"
            },
            "tpu_ipv4_cidr_block": "",
            "vertical_pod_autoscaling": [
              {
                "enabled": false
              }
            ],
            "workload_identity_config": [
              {
                "workload_pool": "kthw2-310821.svc.id.goog"
              }
            ]
          },
          "sensitive_attributes": [],
          "private": "eyJlMmJmYjczMC1lY2FhLTExZTYtOGY4OC0zNDM2M2JjN2M0YzAiOnsiY3JlYXRlIjoyNzAwMDAwMDAwMDAwLCJkZWxldGUiOjI3MDAwMDAwMDAwMDAsInJlYWQiOjI0MDAwMDAwMDAwMDAsInVwZGF0ZSI6MjcwMDAwMDAwMDAwMH0sInNjaGVtYV92ZXJzaW9uIjoiMSJ9",
          "dependencies": [
            "module.gcp-network.module.firewall_rules.google_compute_firewall.rules",
            "module.gcp-network.module.routes.google_compute_route.route",
            "module.gcp-network.module.subnets.google_compute_subnetwork.subnetwork",
            "module.gcp-network.module.vpc.google_compute_network.network",
            "module.gcp-network.module.vpc.google_compute_shared_vpc_host_project.shared_vpc_host",
            "module.gke.data.google_compute_zones.available",
            "module.gke.data.google_container_engine_versions.region",
            "module.gke.data.google_container_engine_versions.zone",
            "module.gke.google_service_account.cluster_service_account",
            "module.gke.random_shuffle.available_zones",
            "module.gke.random_string.cluster_service_account_suffix"
          ]
        }
      ]
    },
    {
      "module": "module.gke",
      "mode": "managed",
      "type": "google_container_node_pool",
      "name": "pools",
      "provider": "provider[\"registry.terraform.io/hashicorp/google\"]",
      "instances": [
        {
          "index_key": "node-pool-01",
          "schema_version": 1,
          "attributes": {
            "autoscaling": [
              {
                "location_policy": "BALANCED",
                "max_node_count": 5,
                "min_node_count": 1,
                "total_max_node_count": 0,
                "total_min_node_count": 0
              }
            ],
            "cluster": "node-pool-clusterdev",
            "id": "projects/kthw2-310821/locations/us-central1/clusters/node-pool-clusterdev/nodePools/node-pool-01",
            "initial_node_count": 1,
            "instance_group_urls": [
              "https://www.googleapis.com/compute/v1/projects/kthw2-310821/zones/us-central1-b/instanceGroupManagers/gke-node-pool-clusterdev-node-pool-01-d345567a-grp",
              "https://www.googleapis.com/compute/v1/projects/kthw2-310821/zones/us-central1-c/instanceGroupManagers/gke-node-pool-clusterdev-node-pool-01-a9f07792-grp"
            ],
            "location": "us-central1",
            "managed_instance_group_urls": [
              "https://www.googleapis.com/compute/v1/projects/kthw2-310821/zones/us-central1-b/instanceGroups/gke-node-pool-clusterdev-node-pool-01-d345567a-grp",
              "https://www.googleapis.com/compute/v1/projects/kthw2-310821/zones/us-central1-c/instanceGroups/gke-node-pool-clusterdev-node-pool-01-a9f07792-grp"
            ],
            "management": [
              {
                "auto_repair": true,
                "auto_upgrade": true
              }
            ],
            "max_pods_per_node": 110,
            "name": "node-pool-01",
            "name_prefix": "",
            "network_config": [
              {
                "create_pod_range": false,
                "enable_private_nodes": false,
                "pod_cidr_overprovision_config": [],
                "pod_ipv4_cidr_block": "192.168.0.0/18",
                "pod_range": "ip-range-pods"
              }
            ],
            "node_config": [
              {
                "advanced_machine_features": [],
                "boot_disk_kms_key": "",
                "disk_size_gb": 40,
                "disk_type": "pd-standard",
                "ephemeral_storage_local_ssd_config": [],
                "gcfs_config": [],
                "guest_accelerator": [],
                "gvnic": [],
                "host_maintenance_policy": [],
                "image_type": "COS_CONTAINERD",
                "kubelet_config": [],
                "labels": {
                  "cluster_name": "node-pool-clusterdev",
                  "node_pool": "node-pool-01"
                },
                "linux_node_config": [],
                "local_nvme_ssd_block_config": [],
                "local_ssd_count": 0,
                "logging_variant": "DEFAULT",
                "machine_type": "e2-standard-4",
                "metadata": {
                  "cluster_name": "node-pool-clusterdev",
                  "disable-legacy-endpoints": "true",
                  "node_pool": "node-pool-01"
                },
                "min_cpu_platform": "",
                "node_group": "",
                "oauth_scopes": [
                  "https://www.googleapis.com/auth/logging.write",
                  "https://www.googleapis.com/auth/monitoring"
                ],
                "preemptible": false,
                "reservation_affinity": [],
                "resource_labels": {},
                "service_account": "terraform@kthw2-310821.iam.gserviceaccount.com",
                "shielded_instance_config": [
                  {
                    "enable_integrity_monitoring": true,
                    "enable_secure_boot": false
                  }
                ],
                "sole_tenant_config": [],
                "spot": false,
                "tags": [
                  "gke-node-pool-clusterdev",
                  "gke-node-pool-clusterdev-node-pool-01"
                ],
                "taint": [],
                "workload_metadata_config": [
                  {
                    "mode": "GKE_METADATA"
                  }
                ]
              }
            ],
            "node_count": 1,
            "node_locations": [
              "us-central1-b",
              "us-central1-c"
            ],
            "operation": null,
            "placement_policy": [],
            "project": "kthw2-310821",
            "timeouts": {
              "create": "45m",
              "delete": "45m",
              "update": "45m"
            },
            "upgrade_settings": [
              {
                "blue_green_settings": [],
                "max_surge": 1,
                "max_unavailable": 0,
                "strategy": "SURGE"
              }
            ],
            "version": "1.27.3-gke.100"
          },
          "sensitive_attributes": [],
          "private": "eyJlMmJmYjczMC1lY2FhLTExZTYtOGY4OC0zNDM2M2JjN2M0YzAiOnsiY3JlYXRlIjoyNzAwMDAwMDAwMDAwLCJkZWxldGUiOjI3MDAwMDAwMDAwMDAsInVwZGF0ZSI6MjcwMDAwMDAwMDAwMH0sInNjaGVtYV92ZXJzaW9uIjoiMSJ9",
          "dependencies": [
            "module.gcp-network.module.firewall_rules.google_compute_firewall.rules",
            "module.gcp-network.module.routes.google_compute_route.route",
            "module.gcp-network.module.subnets.google_compute_subnetwork.subnetwork",
            "module.gcp-network.module.vpc.google_compute_network.network",
            "module.gcp-network.module.vpc.google_compute_shared_vpc_host_project.shared_vpc_host",
            "module.gke.data.google_compute_zones.available",
            "module.gke.data.google_container_engine_versions.region",
            "module.gke.data.google_container_engine_versions.zone",
            "module.gke.google_container_cluster.primary",
            "module.gke.google_service_account.cluster_service_account",
            "module.gke.random_shuffle.available_zones",
            "module.gke.random_string.cluster_service_account_suffix"
          ]
        },
        {
          "index_key": "node-pool-02",
          "schema_version": 1,
          "attributes": {
            "autoscaling": [
              {
                "location_policy": "BALANCED",
                "max_node_count": 5,
                "min_node_count": 1,
                "total_max_node_count": 0,
                "total_min_node_count": 0
              }
            ],
            "cluster": "node-pool-clusterdev",
            "id": "projects/kthw2-310821/locations/us-central1/clusters/node-pool-clusterdev/nodePools/node-pool-02",
            "initial_node_count": 1,
            "instance_group_urls": [
              "https://www.googleapis.com/compute/v1/projects/kthw2-310821/zones/us-central1-a/instanceGroupManagers/gke-node-pool-clusterdev-node-pool-02-3b66e3ef-grp",
              "https://www.googleapis.com/compute/v1/projects/kthw2-310821/zones/us-central1-b/instanceGroupManagers/gke-node-pool-clusterdev-node-pool-02-85c3c05e-grp",
              "https://www.googleapis.com/compute/v1/projects/kthw2-310821/zones/us-central1-c/instanceGroupManagers/gke-node-pool-clusterdev-node-pool-02-be7fa2cd-grp"
            ],
            "location": "us-central1",
            "managed_instance_group_urls": [
              "https://www.googleapis.com/compute/v1/projects/kthw2-310821/zones/us-central1-a/instanceGroups/gke-node-pool-clusterdev-node-pool-02-3b66e3ef-grp",
              "https://www.googleapis.com/compute/v1/projects/kthw2-310821/zones/us-central1-b/instanceGroups/gke-node-pool-clusterdev-node-pool-02-85c3c05e-grp",
              "https://www.googleapis.com/compute/v1/projects/kthw2-310821/zones/us-central1-c/instanceGroups/gke-node-pool-clusterdev-node-pool-02-be7fa2cd-grp"
            ],
            "management": [
              {
                "auto_repair": true,
                "auto_upgrade": true
              }
            ],
            "max_pods_per_node": 110,
            "name": "node-pool-02",
            "name_prefix": "",
            "network_config": [
              {
                "create_pod_range": false,
                "enable_private_nodes": false,
                "pod_cidr_overprovision_config": [],
                "pod_ipv4_cidr_block": "192.168.0.0/18",
                "pod_range": "ip-range-pods"
              }
            ],
            "node_config": [
              {
                "advanced_machine_features": [],
                "boot_disk_kms_key": "",
                "disk_size_gb": 40,
                "disk_type": "pd-standard",
                "ephemeral_storage_local_ssd_config": [],
                "gcfs_config": [],
                "guest_accelerator": [],
                "gvnic": [],
                "host_maintenance_policy": [],
                "image_type": "COS_CONTAINERD",
                "kubelet_config": [],
                "labels": {
                  "cluster_name": "node-pool-clusterdev",
                  "node_pool": "node-pool-02"
                },
                "linux_node_config": [],
                "local_nvme_ssd_block_config": [],
                "local_ssd_count": 0,
                "logging_variant": "DEFAULT",
                "machine_type": "e2-medium",
                "metadata": {
                  "cluster_name": "node-pool-clusterdev",
                  "disable-legacy-endpoints": "true",
                  "node_pool": "node-pool-02"
                },
                "min_cpu_platform": "",
                "node_group": "",
                "oauth_scopes": [
                  "https://www.googleapis.com/auth/logging.write",
                  "https://www.googleapis.com/auth/monitoring"
                ],
                "preemptible": false,
                "reservation_affinity": [],
                "resource_labels": null,
                "service_account": "terraform@kthw2-310821.iam.gserviceaccount.com",
                "shielded_instance_config": [
                  {
                    "enable_integrity_monitoring": true,
                    "enable_secure_boot": false
                  }
                ],
                "sole_tenant_config": [],
                "spot": false,
                "tags": [
                  "gke-node-pool-clusterdev",
                  "gke-node-pool-clusterdev-node-pool-02"
                ],
                "taint": [],
                "workload_metadata_config": [
                  {
                    "mode": "GKE_METADATA"
                  }
                ]
              }
            ],
            "node_count": 1,
            "node_locations": [
              "us-central1-a",
              "us-central1-b",
              "us-central1-c"
            ],
            "operation": null,
            "placement_policy": [],
            "project": "kthw2-310821",
            "timeouts": {
              "create": "45m",
              "delete": "45m",
              "update": "45m"
            },
            "upgrade_settings": [
              {
                "blue_green_settings": [],
                "max_surge": 1,
                "max_unavailable": 0,
                "strategy": "SURGE"
              }
            ],
            "version": "1.27.3-gke.100"
          },
          "sensitive_attributes": [],
          "private": "eyJlMmJmYjczMC1lY2FhLTExZTYtOGY4OC0zNDM2M2JjN2M0YzAiOnsiY3JlYXRlIjoyNzAwMDAwMDAwMDAwLCJkZWxldGUiOjI3MDAwMDAwMDAwMDAsInVwZGF0ZSI6MjcwMDAwMDAwMDAwMH0sInNjaGVtYV92ZXJzaW9uIjoiMSJ9",
          "dependencies": [
            "module.gcp-network.module.firewall_rules.google_compute_firewall.rules",
            "module.gcp-network.module.routes.google_compute_route.route",
            "module.gcp-network.module.subnets.google_compute_subnetwork.subnetwork",
            "module.gcp-network.module.vpc.google_compute_network.network",
            "module.gcp-network.module.vpc.google_compute_shared_vpc_host_project.shared_vpc_host",
            "module.gke.google_container_cluster.primary",
            "module.gke.google_service_account.cluster_service_account"
          ]
        }
      ]
    },
    {
      "module": "module.gke",
      "mode": "managed",
      "type": "google_project_iam_member",
      "name": "cluster_service_account-log_writer",
      "provider": "provider[\"registry.terraform.io/hashicorp/google\"]",
      "instances": [
        {
          "index_key": 0,
          "schema_version": 0,
          "attributes": {
            "condition": [],
            "etag": "BwYDYNSc+yM=",
            "id": "kthw2-310821/roles/logging.logWriter/serviceAccount:tf-gke-node-pool-clust-olxa@kthw2-310821.iam.gserviceaccount.com",
            "member": "serviceAccount:tf-gke-node-pool-clust-olxa@kthw2-310821.iam.gserviceaccount.com",
            "project": "kthw2-310821",
            "role": "roles/logging.logWriter"
          },
          "sensitive_attributes": [],
          "private": "bnVsbA==",
          "dependencies": [
            "module.gcp-network.module.firewall_rules.google_compute_firewall.rules",
            "module.gcp-network.module.routes.google_compute_route.route",
            "module.gcp-network.module.subnets.google_compute_subnetwork.subnetwork",
            "module.gcp-network.module.vpc.google_compute_network.network",
            "module.gcp-network.module.vpc.google_compute_shared_vpc_host_project.shared_vpc_host",
            "module.gke.google_service_account.cluster_service_account",
            "module.gke.random_string.cluster_service_account_suffix"
          ]
        }
      ]
    },
    {
      "module": "module.gke",
      "mode": "managed",
      "type": "google_project_iam_member",
      "name": "cluster_service_account-metric_writer",
      "provider": "provider[\"registry.terraform.io/hashicorp/google\"]",
      "instances": [
        {
          "index_key": 0,
          "schema_version": 0,
          "attributes": {
            "condition": [],
            "etag": "BwYDYNSc+yM=",
            "id": "kthw2-310821/roles/monitoring.metricWriter/serviceAccount:tf-gke-node-pool-clust-olxa@kthw2-310821.iam.gserviceaccount.com",
            "member": "serviceAccount:tf-gke-node-pool-clust-olxa@kthw2-310821.iam.gserviceaccount.com",
            "project": "kthw2-310821",
            "role": "roles/monitoring.metricWriter"
          },
          "sensitive_attributes": [],
          "private": "bnVsbA==",
          "dependencies": [
            "module.gcp-network.module.firewall_rules.google_compute_firewall.rules",
            "module.gcp-network.module.routes.google_compute_route.route",
            "module.gcp-network.module.subnets.google_compute_subnetwork.subnetwork",
            "module.gcp-network.module.vpc.google_compute_network.network",
            "module.gcp-network.module.vpc.google_compute_shared_vpc_host_project.shared_vpc_host",
            "module.gke.google_project_iam_member.cluster_service_account-log_writer",
            "module.gke.google_service_account.cluster_service_account",
            "module.gke.random_string.cluster_service_account_suffix"
          ]
        }
      ]
    },
    {
      "module": "module.gke",
      "mode": "managed",
      "type": "google_project_iam_member",
      "name": "cluster_service_account-monitoring_viewer",
      "provider": "provider[\"registry.terraform.io/hashicorp/google\"]",
      "instances": [
        {
          "index_key": 0,
          "schema_version": 0,
          "attributes": {
            "condition": [],
            "etag": "BwYDYNSc+yM=",
            "id": "kthw2-310821/roles/monitoring.viewer/serviceAccount:tf-gke-node-pool-clust-olxa@kthw2-310821.iam.gserviceaccount.com",
            "member": "serviceAccount:tf-gke-node-pool-clust-olxa@kthw2-310821.iam.gserviceaccount.com",
            "project": "kthw2-310821",
            "role": "roles/monitoring.viewer"
          },
          "sensitive_attributes": [],
          "private": "bnVsbA==",
          "dependencies": [
            "module.gcp-network.module.firewall_rules.google_compute_firewall.rules",
            "module.gcp-network.module.routes.google_compute_route.route",
            "module.gcp-network.module.subnets.google_compute_subnetwork.subnetwork",
            "module.gcp-network.module.vpc.google_compute_network.network",
            "module.gcp-network.module.vpc.google_compute_shared_vpc_host_project.shared_vpc_host",
            "module.gke.google_project_iam_member.cluster_service_account-log_writer",
            "module.gke.google_project_iam_member.cluster_service_account-metric_writer",
            "module.gke.google_service_account.cluster_service_account",
            "module.gke.random_string.cluster_service_account_suffix"
          ]
        }
      ]
    },
    {
      "module": "module.gke",
      "mode": "managed",
      "type": "google_project_iam_member",
      "name": "cluster_service_account-resourceMetadata-writer",
      "provider": "provider[\"registry.terraform.io/hashicorp/google\"]",
      "instances": [
        {
          "index_key": 0,
          "schema_version": 0,
          "attributes": {
            "condition": [],
            "etag": "BwYDYNSc+yM=",
            "id": "kthw2-310821/roles/stackdriver.resourceMetadata.writer/serviceAccount:tf-gke-node-pool-clust-olxa@kthw2-310821.iam.gserviceaccount.com",
            "member": "serviceAccount:tf-gke-node-pool-clust-olxa@kthw2-310821.iam.gserviceaccount.com",
            "project": "kthw2-310821",
            "role": "roles/stackdriver.resourceMetadata.writer"
          },
          "sensitive_attributes": [],
          "private": "bnVsbA==",
          "dependencies": [
            "module.gcp-network.module.firewall_rules.google_compute_firewall.rules",
            "module.gcp-network.module.routes.google_compute_route.route",
            "module.gcp-network.module.subnets.google_compute_subnetwork.subnetwork",
            "module.gcp-network.module.vpc.google_compute_network.network",
            "module.gcp-network.module.vpc.google_compute_shared_vpc_host_project.shared_vpc_host",
            "module.gke.google_project_iam_member.cluster_service_account-log_writer",
            "module.gke.google_project_iam_member.cluster_service_account-metric_writer",
            "module.gke.google_project_iam_member.cluster_service_account-monitoring_viewer",
            "module.gke.google_service_account.cluster_service_account",
            "module.gke.random_string.cluster_service_account_suffix"
          ]
        }
      ]
    },
    {
      "module": "module.gke",
      "mode": "managed",
      "type": "google_service_account",
      "name": "cluster_service_account",
      "provider": "provider[\"registry.terraform.io/hashicorp/google\"]",
      "instances": [
        {
          "index_key": 0,
          "schema_version": 0,
          "attributes": {
            "account_id": "tf-gke-node-pool-clust-olxa",
            "description": "",
            "disabled": false,
            "display_name": "Terraform-managed service account for cluster node-pool-clusterdev",
            "email": "tf-gke-node-pool-clust-olxa@kthw2-310821.iam.gserviceaccount.com",
            "id": "projects/kthw2-310821/serviceAccounts/tf-gke-node-pool-clust-olxa@kthw2-310821.iam.gserviceaccount.com",
            "member": "serviceAccount:tf-gke-node-pool-clust-olxa@kthw2-310821.iam.gserviceaccount.com",
            "name": "projects/kthw2-310821/serviceAccounts/tf-gke-node-pool-clust-olxa@kthw2-310821.iam.gserviceaccount.com",
            "project": "kthw2-310821",
            "timeouts": null,
            "unique_id": "113229029147062846021"
          },
          "sensitive_attributes": [],
          "private": "eyJlMmJmYjczMC1lY2FhLTExZTYtOGY4OC0zNDM2M2JjN2M0YzAiOnsiY3JlYXRlIjozMDAwMDAwMDAwMDB9fQ==",
          "dependencies": [
            "module.gcp-network.module.firewall_rules.google_compute_firewall.rules",
            "module.gcp-network.module.routes.google_compute_route.route",
            "module.gcp-network.module.subnets.google_compute_subnetwork.subnetwork",
            "module.gcp-network.module.vpc.google_compute_network.network",
            "module.gcp-network.module.vpc.google_compute_shared_vpc_host_project.shared_vpc_host",
            "module.gke.random_string.cluster_service_account_suffix"
          ]
        }
      ]
    },
    {
      "module": "module.gke",
      "mode": "managed",
      "type": "random_shuffle",
      "name": "available_zones",
      "provider": "provider[\"registry.terraform.io/hashicorp/random\"]",
      "instances": [
        {
          "schema_version": 0,
          "attributes": {
            "id": "-",
            "input": [
              "us-central1-a",
              "us-central1-b",
              "us-central1-c",
              "us-central1-f"
            ],
            "keepers": null,
            "result": [
              "us-central1-f",
              "us-central1-b",
              "us-central1-c"
            ],
            "result_count": 3,
            "seed": null
          },
          "sensitive_attributes": [],
          "dependencies": [
            "module.gcp-network.module.firewall_rules.google_compute_firewall.rules",
            "module.gcp-network.module.routes.google_compute_route.route",
            "module.gcp-network.module.subnets.google_compute_subnetwork.subnetwork",
            "module.gcp-network.module.vpc.google_compute_network.network",
            "module.gcp-network.module.vpc.google_compute_shared_vpc_host_project.shared_vpc_host",
            "module.gke.data.google_compute_zones.available"
          ]
        }
      ]
    },
    {
      "module": "module.gke",
      "mode": "managed",
      "type": "random_string",
      "name": "cluster_service_account_suffix",
      "provider": "provider[\"registry.terraform.io/hashicorp/random\"]",
      "instances": [
        {
          "schema_version": 2,
          "attributes": {
            "id": "olxa",
            "keepers": null,
            "length": 4,
            "lower": true,
            "min_lower": 0,
            "min_numeric": 0,
            "min_special": 0,
            "min_upper": 0,
            "number": true,
            "numeric": true,
            "override_special": null,
            "result": "olxa",
            "special": false,
            "upper": false
          },
          "sensitive_attributes": [],
          "dependencies": [
            "module.gcp-network.module.firewall_rules.google_compute_firewall.rules",
            "module.gcp-network.module.routes.google_compute_route.route",
            "module.gcp-network.module.subnets.google_compute_subnetwork.subnetwork",
            "module.gcp-network.module.vpc.google_compute_network.network",
            "module.gcp-network.module.vpc.google_compute_shared_vpc_host_project.shared_vpc_host"
          ]
        }
      ]
    }
  ],
  "check_results": null
}
